
Microsoft Visual Studio Solution File, Format Version 12.00
# Visual Studio 14
VisualStudioVersion = 14.0.25420.1
MinimumVisualStudioVersion = 10.0.40219.1
Project("{FAE04EC0-301F-11D3-BF4B-00C04F79EFBC}") = "Xam120_Ex1.Droid", "Xam120-Ex1\Xam120_Ex1.Droid\Xam120_Ex1.Droid.csproj", "{220096EB-9FBE-4208-9847-D2EB31D270EB}"
EndProject
Project("{FAE04EC0-301F-11D3-BF4B-00C04F79EFBC}") = "Xam120_Ex1.iOS", "Xam120-Ex1\Xam120_Ex1.iOS\Xam120_Ex1.iOS.csproj", "{0B2D609D-6A49-4030-9DB2-39D1F8FF9AA6}"
EndProject
Project("{FAE04EC0-301F-11D3-BF4B-00C04F79EFBC}") = "Xam120_Ex1.WinPhone", "Xam120-Ex1\Xam120_Ex1.WinPhone\Xam120_Ex1.WinPhone.csproj", "{ABF86E75-B391-44DF-B3EE-87BF293ABFAC}"
EndProject
Project("{FAE04EC0-301F-11D3-BF4B-00C04F79EFBC}") = "Xam120_Ex1.UWP", "Xam120-Ex1\Xam120_Ex1.UWP\Xam120_Ex1.UWP.csproj", "{148A6565-70F6-4639-B39F-98AF029E8D05}"
EndProject
Project("{FAE04EC0-301F-11D3-BF4B-00C04F79EFBC}") = "Xam120_Ex1.Windows", "Xam120-Ex1\Xam120_Ex1.Windows\Xam120_Ex1.Windows.csproj", "{753AEB28-2EBF-432D-AA1C-D9F43F46BA1A}"
EndProject
Project("{FAE04EC0-301F-11D3-BF4B-00C04F79EFBC}") = "Xam120_Ex1", "Xam120-Ex1\Xam120_Ex1\Xam120_Ex1.csproj", "{3320938C-67C1-4902-B350-F7DA72CC0D46}"
EndProject
Global
	GlobalSection(SolutionConfigurationPlatforms) = preSolution
		Ad-Hoc|Any CPU = Ad-Hoc|Any CPU
		Ad-Hoc|ARM = Ad-Hoc|ARM
		Ad-Hoc|iPhone = Ad-Hoc|iPhone
		Ad-Hoc|iPhoneSimulator = Ad-Hoc|iPhoneSimulator
		Ad-Hoc|x64 = Ad-Hoc|x64
		Ad-Hoc|x86 = Ad-Hoc|x86
		AppStore|Any CPU = AppStore|Any CPU
		AppStore|ARM = AppStore|ARM
		AppStore|iPhone = AppStore|iPhone
		AppStore|iPhoneSimulator = AppStore|iPhoneSimulator
		AppStore|x64 = AppStore|x64
		AppStore|x86 = AppStore|x86
		Debug|Any CPU = Debug|Any CPU
		Debug|ARM = Debug|ARM
		Debug|iPhone = Debug|iPhone
		Debug|iPhoneSimulator = Debug|iPhoneSimulator
		Debug|x64 = Debug|x64
		Debug|x86 = Debug|x86
		Release|Any CPU = Release|Any CPU
		Release|ARM = Release|ARM
		Release|iPhone = Release|iPhone
		Release|iPhoneSimulator = Release|iPhoneSimulator
		Release|x64 = Release|x64
		Release|x86 = Release|x86
	EndGlobalSection
	GlobalSection(ProjectConfigurationPlatforms) = postSolution
		{220096EB-9FBE-4208-9847-D2EB31D270EB}.Ad-Hoc|Any CPU.ActiveCfg = Release|Any CPU
		{220096EB-9FBE-4208-9847-D2EB31D270EB}.Ad-Hoc|Any CPU.Build.0 = Release|Any CPU
		{220096EB-9FBE-4208-9847-D2EB31D270EB}.Ad-Hoc|Any CPU.Deploy.0 = Release|Any CPU
		{220096EB-9FBE-4208-9847-D2EB31D270EB}.Ad-Hoc|ARM.ActiveCfg = Release|Any CPU
		{220096EB-9FBE-4208-9847-D2EB31D270EB}.Ad-Hoc|ARM.Build.0 = Release|Any CPU
		{220096EB-9FBE-4208-9847-D2EB31D270EB}.Ad-Hoc|ARM.Deploy.0 = Release|Any CPU
		{220096EB-9FBE-4208-9847-D2EB31D270EB}.Ad-Hoc|iPhone.ActiveCfg = Release|Any CPU
		{220096EB-9FBE-4208-9847-D2EB31D270EB}.Ad-Hoc|iPhone.Build.0 = Release|Any CPU
		{220096EB-9FBE-4208-9847-D2EB31D270EB}.Ad-Hoc|iPhone.Deploy.0 = Release|Any CPU
		{220096EB-9FBE-4208-9847-D2EB31D270EB}.Ad-Hoc|iPhoneSimulator.ActiveCfg = Release|Any CPU
		{220096EB-9FBE-4208-9847-D2EB31D270EB}.Ad-Hoc|iPhoneSimulator.Build.0 = Release|Any CPU
		{220096EB-9FBE-4208-9847-D2EB31D270EB}.Ad-Hoc|iPhoneSimulator.Deploy.0 = Release|Any CPU
		{220096EB-9FBE-4208-9847-D2EB31D270EB}.Ad-Hoc|x64.ActiveCfg = Release|Any CPU
		{220096EB-9FBE-4208-9847-D2EB31D270EB}.Ad-Hoc|x64.Build.0 = Release|Any CPU
		{220096EB-9FBE-4208-9847-D2EB31D270EB}.Ad-Hoc|x64.Deploy.0 = Release|Any CPU
		{220096EB-9FBE-4208-9847-D2EB31D270EB}.Ad-Hoc|x86.ActiveCfg = Release|Any CPU
		{220096EB-9FBE-4208-9847-D2EB31D270EB}.Ad-Hoc|x86.Build.0 = Release|Any CPU
		{220096EB-9FBE-4208-9847-D2EB31D270EB}.Ad-Hoc|x86.Deploy.0 = Release|Any CPU
		{220096EB-9FBE-4208-9847-D2EB31D270EB}.AppStore|Any CPU.ActiveCfg = Release|Any CPU
		{220096EB-9FBE-4208-9847-D2EB31D270EB}.AppStore|Any CPU.Build.0 = Release|Any CPU
		{220096EB-9FBE-4208-9847-D2EB31D270EB}.AppStore|Any CPU.Deploy.0 = Release|Any CPU
		{220096EB-9FBE-4208-9847-D2EB31D270EB}.AppStore|ARM.ActiveCfg = Release|Any CPU
		{220096EB-9FBE-4208-9847-D2EB31D270EB}.AppStore|ARM.Build.0 = Release|Any CPU
		{220096EB-9FBE-4208-9847-D2EB31D270EB}.AppStore|ARM.Deploy.0 = Release|Any CPU
		{220096EB-9FBE-4208-9847-D2EB31D270EB}.AppStore|iPhone.ActiveCfg = Release|Any CPU
		{220096EB-9FBE-4208-9847-D2EB31D270EB}.AppStore|iPhone.Build.0 = Release|Any CPU
		{220096EB-9FBE-4208-9847-D2EB31D270EB}.AppStore|iPhone.Deploy.0 = Release|Any CPU
		{220096EB-9FBE-4208-9847-D2EB31D270EB}.AppStore|iPhoneSimulator.ActiveCfg = Release|Any CPU
		{220096EB-9FBE-4208-9847-D2EB31D270EB}.AppStore|iPhoneSimulator.Build.0 = Release|Any CPU
		{220096EB-9FBE-4208-9847-D2EB31D270EB}.AppStore|iPhoneSimulator.Deploy.0 = Release|Any CPU
		{220096EB-9FBE-4208-9847-D2EB31D270EB}.AppStore|x64.ActiveCfg = Release|Any CPU
		{220096EB-9FBE-4208-9847-D2EB31D270EB}.AppStore|x64.Build.0 = Release|Any CPU
		{220096EB-9FBE-4208-9847-D2EB31D270EB}.AppStore|x64.Deploy.0 = Release|Any CPU
		{220096EB-9FBE-4208-9847-D2EB31D270EB}.AppStore|x86.ActiveCfg = Release|Any CPU
		{220096EB-9FBE-4208-9847-D2EB31D270EB}.AppStore|x86.Build.0 = Release|Any CPU
		{220096EB-9FBE-4208-9847-D2EB31D270EB}.AppStore|x86.Deploy.0 = Release|Any CPU
		{220096EB-9FBE-4208-9847-D2EB31D270EB}.Debug|Any CPU.ActiveCfg = Debug|Any CPU
		{220096EB-9FBE-4208-9847-D2EB31D270EB}.Debug|Any CPU.Build.0 = Debug|Any CPU
		{220096EB-9FBE-4208-9847-D2EB31D270EB}.Debug|Any CPU.Deploy.0 = Debug|Any CPU
		{220096EB-9FBE-4208-9847-D2EB31D270EB}.Debug|ARM.ActiveCfg = Debug|Any CPU
		{220096EB-9FBE-4208-9847-D2EB31D270EB}.Debug|ARM.Build.0 = Debug|Any CPU
		{220096EB-9FBE-4208-9847-D2EB31D270EB}.Debug|ARM.Deploy.0 = Debug|Any CPU
		{220096EB-9FBE-4208-9847-D2EB31D270EB}.Debug|iPhone.ActiveCfg = Debug|Any CPU
		{220096EB-9FBE-4208-9847-D2EB31D270EB}.Debug|iPhone.Build.0 = Debug|Any CPU
		{220096EB-9FBE-4208-9847-D2EB31D270EB}.Debug|iPhone.Deploy.0 = Debug|Any CPU
		{220096EB-9FBE-4208-9847-D2EB31D270EB}.Debug|iPhoneSimulator.ActiveCfg = Debug|Any CPU
		{220096EB-9FBE-4208-9847-D2EB31D270EB}.Debug|iPhoneSimulator.Build.0 = Debug|Any CPU
		{220096EB-9FBE-4208-9847-D2EB31D270EB}.Debug|iPhoneSimulator.Deploy.0 = Debug|Any CPU
		{220096EB-9FBE-4208-9847-D2EB31D270EB}.Debug|x64.ActiveCfg = Debug|Any CPU
		{220096EB-9FBE-4208-9847-D2EB31D270EB}.Debug|x64.Build.0 = Debug|Any CPU
		{220096EB-9FBE-4208-9847-D2EB31D270EB}.Debug|x64.Deploy.0 = Debug|Any CPU
		{220096EB-9FBE-4208-9847-D2EB31D270EB}.Debug|x86.ActiveCfg = Debug|Any CPU
		{220096EB-9FBE-4208-9847-D2EB31D270EB}.Debug|x86.Build.0 = Debug|Any CPU
		{220096EB-9FBE-4208-9847-D2EB31D270EB}.Debug|x86.Deploy.0 = Debug|Any CPU
		{220096EB-9FBE-4208-9847-D2EB31D270EB}.Release|Any CPU.ActiveCfg = Release|Any CPU
		{220096EB-9FBE-4208-9847-D2EB31D270EB}.Release|Any CPU.Build.0 = Release|Any CPU
		{220096EB-9FBE-4208-9847-D2EB31D270EB}.Release|Any CPU.Deploy.0 = Release|Any CPU
		{220096EB-9FBE-4208-9847-D2EB31D270EB}.Release|ARM.ActiveCfg = Release|Any CPU
		{220096EB-9FBE-4208-9847-D2EB31D270EB}.Release|ARM.Build.0 = Release|Any CPU
		{220096EB-9FBE-4208-9847-D2EB31D270EB}.Release|ARM.Deploy.0 = Release|Any CPU
		{220096EB-9FBE-4208-9847-D2EB31D270EB}.Release|iPhone.ActiveCfg = Release|Any CPU
		{220096EB-9FBE-4208-9847-D2EB31D270EB}.Release|iPhone.Build.0 = Release|Any CPU
		{220096EB-9FBE-4208-9847-D2EB31D270EB}.Release|iPhone.Deploy.0 = Release|Any CPU
		{220096EB-9FBE-4208-9847-D2EB31D270EB}.Release|iPhoneSimulator.ActiveCfg = Release|Any CPU
		{220096EB-9FBE-4208-9847-D2EB31D270EB}.Release|iPhoneSimulator.Build.0 = Release|Any CPU
		{220096EB-9FBE-4208-9847-D2EB31D270EB}.Release|iPhoneSimulator.Deploy.0 = Release|Any CPU
		{220096EB-9FBE-4208-9847-D2EB31D270EB}.Release|x64.ActiveCfg = Release|Any CPU
		{220096EB-9FBE-4208-9847-D2EB31D270EB}.Release|x64.Build.0 = Release|Any CPU
		{220096EB-9FBE-4208-9847-D2EB31D270EB}.Release|x64.Deploy.0 = Release|Any CPU
		{220096EB-9FBE-4208-9847-D2EB31D270EB}.Release|x86.ActiveCfg = Release|Any CPU
		{220096EB-9FBE-4208-9847-D2EB31D270EB}.Release|x86.Build.0 = Release|Any CPU
		{220096EB-9FBE-4208-9847-D2EB31D270EB}.Release|x86.Deploy.0 = Release|Any CPU
		{0B2D609D-6A49-4030-9DB2-39D1F8FF9AA6}.Ad-Hoc|Any CPU.ActiveCfg = Ad-Hoc|iPhone
		{0B2D609D-6A49-4030-9DB2-39D1F8FF9AA6}.Ad-Hoc|ARM.ActiveCfg = Ad-Hoc|iPhone
		{0B2D609D-6A49-4030-9DB2-39D1F8FF9AA6}.Ad-Hoc|iPhone.ActiveCfg = Ad-Hoc|iPhone
		{0B2D609D-6A49-4030-9DB2-39D1F8FF9AA6}.Ad-Hoc|iPhone.Build.0 = Ad-Hoc|iPhone
		{0B2D609D-6A49-4030-9DB2-39D1F8FF9AA6}.Ad-Hoc|iPhoneSimulator.ActiveCfg = Ad-Hoc|iPhoneSimulator
		{0B2D609D-6A49-4030-9DB2-39D1F8FF9AA6}.Ad-Hoc|iPhoneSimulator.Build.0 = Ad-Hoc|iPhoneSimulator
		{0B2D609D-6A49-4030-9DB2-39D1F8FF9AA6}.Ad-Hoc|x64.ActiveCfg = Ad-Hoc|iPhone
		{0B2D609D-6A49-4030-9DB2-39D1F8FF9AA6}.Ad-Hoc|x86.ActiveCfg = Ad-Hoc|iPhone
		{0B2D609D-6A49-4030-9DB2-39D1F8FF9AA6}.AppStore|Any CPU.ActiveCfg = AppStore|iPhone
		{0B2D609D-6A49-4030-9DB2-39D1F8FF9AA6}.AppStore|ARM.ActiveCfg = AppStore|iPhone
		{0B2D609D-6A49-4030-9DB2-39D1F8FF9AA6}.AppStore|iPhone.ActiveCfg = AppStore|iPhone
		{0B2D609D-6A49-4030-9DB2-39D1F8FF9AA6}.AppStore|iPhone.Build.0 = AppStore|iPhone
		{0B2D609D-6A49-4030-9DB2-39D1F8FF9AA6}.AppStore|iPhoneSimulator.ActiveCfg = AppStore|iPhoneSimulator
		{0B2D609D-6A49-4030-9DB2-39D1F8FF9AA6}.AppStore|iPhoneSimulator.Build.0 = AppStore|iPhoneSimulator
		{0B2D609D-6A49-4030-9DB2-39D1F8FF9AA6}.AppStore|x64.ActiveCfg = AppStore|iPhone
		{0B2D609D-6A49-4030-9DB2-39D1F8FF9AA6}.AppStore|x86.ActiveCfg = AppStore|iPhone
		{0B2D609D-6A49-4030-9DB2-39D1F8FF9AA6}.Debug|Any CPU.ActiveCfg = Debug|iPhone
		{0B2D609D-6A49-4030-9DB2-39D1F8FF9AA6}.Debug|ARM.ActiveCfg = Debug|iPhone
		{0B2D609D-6A49-4030-9DB2-39D1F8FF9AA6}.Debug|iPhone.ActiveCfg = Debug|iPhone
		{0B2D609D-6A49-4030-9DB2-39D1F8FF9AA6}.Debug|iPhone.Build.0 = Debug|iPhone
		{0B2D609D-6A49-4030-9DB2-39D1F8FF9AA6}.Debug|iPhoneSimulator.ActiveCfg = Debug|iPhoneSimulator
		{0B2D609D-6A49-4030-9DB2-39D1F8FF9AA6}.Debug|iPhoneSimulator.Build.0 = Debug|iPhoneSimulator
		{0B2D609D-6A49-4030-9DB2-39D1F8FF9AA6}.Debug|x64.ActiveCfg = Debug|iPhone
		{0B2D609D-6A49-4030-9DB2-39D1F8FF9AA6}.Debug|x86.ActiveCfg = Debug|iPhone
		{0B2D609D-6A49-4030-9DB2-39D1F8FF9AA6}.Release|Any CPU.ActiveCfg = Release|iPhone
		{0B2D609D-6A49-4030-9DB2-39D1F8FF9AA6}.Release|ARM.ActiveCfg = Release|iPhone
		{0B2D609D-6A49-4030-9DB2-39D1F8FF9AA6}.Release|iPhone.ActiveCfg = Release|iPhone
		{0B2D609D-6A49-4030-9DB2-39D1F8FF9AA6}.Release|iPhone.Build.0 = Release|iPhone
		{0B2D609D-6A49-4030-9DB2-39D1F8FF9AA6}.Release|iPhoneSimulator.ActiveCfg = Release|iPhoneSimulator
		{0B2D609D-6A49-4030-9DB2-39D1F8FF9AA6}.Release|iPhoneSimulator.Build.0 = Release|iPhoneSimulator
		{0B2D609D-6A49-4030-9DB2-39D1F8FF9AA6}.Release|x64.ActiveCfg = Release|iPhone
		{0B2D609D-6A49-4030-9DB2-39D1F8FF9AA6}.Release|x86.ActiveCfg = Release|iPhone
		{ABF86E75-B391-44DF-B3EE-87BF293ABFAC}.Ad-Hoc|Any CPU.ActiveCfg = Release|Any CPU
		{ABF86E75-B391-44DF-B3EE-87BF293ABFAC}.Ad-Hoc|Any CPU.Build.0 = Release|Any CPU
		{ABF86E75-B391-44DF-B3EE-87BF293ABFAC}.Ad-Hoc|Any CPU.Deploy.0 = Release|Any CPU
		{ABF86E75-B391-44DF-B3EE-87BF293ABFAC}.Ad-Hoc|ARM.ActiveCfg = Release|ARM
		{ABF86E75-B391-44DF-B3EE-87BF293ABFAC}.Ad-Hoc|ARM.Build.0 = Release|ARM
		{ABF86E75-B391-44DF-B3EE-87BF293ABFAC}.Ad-Hoc|ARM.Deploy.0 = Release|ARM
		{ABF86E75-B391-44DF-B3EE-87BF293ABFAC}.Ad-Hoc|iPhone.ActiveCfg = Release|Any CPU
		{ABF86E75-B391-44DF-B3EE-87BF293ABFAC}.Ad-Hoc|iPhone.Build.0 = Release|Any CPU
		{ABF86E75-B391-44DF-B3EE-87BF293ABFAC}.Ad-Hoc|iPhone.Deploy.0 = Release|Any CPU
		{ABF86E75-B391-44DF-B3EE-87BF293ABFAC}.Ad-Hoc|iPhoneSimulator.ActiveCfg = Release|Any CPU
		{ABF86E75-B391-44DF-B3EE-87BF293ABFAC}.Ad-Hoc|iPhoneSimulator.Build.0 = Release|Any CPU
		{ABF86E75-B391-44DF-B3EE-87BF293ABFAC}.Ad-Hoc|iPhoneSimulator.Deploy.0 = Release|Any CPU
		{ABF86E75-B391-44DF-B3EE-87BF293ABFAC}.Ad-Hoc|x64.ActiveCfg = Release|Any CPU
		{ABF86E75-B391-44DF-B3EE-87BF293ABFAC}.Ad-Hoc|x64.Build.0 = Release|Any CPU
		{ABF86E75-B391-44DF-B3EE-87BF293ABFAC}.Ad-Hoc|x64.Deploy.0 = Release|Any CPU
		{ABF86E75-B391-44DF-B3EE-87BF293ABFAC}.Ad-Hoc|x86.ActiveCfg = Release|x86
		{ABF86E75-B391-44DF-B3EE-87BF293ABFAC}.Ad-Hoc|x86.Build.0 = Release|x86
		{ABF86E75-B391-44DF-B3EE-87BF293ABFAC}.Ad-Hoc|x86.Deploy.0 = Release|x86
		{ABF86E75-B391-44DF-B3EE-87BF293ABFAC}.AppStore|Any CPU.ActiveCfg = Release|Any CPU
		{ABF86E75-B391-44DF-B3EE-87BF293ABFAC}.AppStore|Any CPU.Build.0 = Release|Any CPU
		{ABF86E75-B391-44DF-B3EE-87BF293ABFAC}.AppStore|Any CPU.Deploy.0 = Release|Any CPU
		{ABF86E75-B391-44DF-B3EE-87BF293ABFAC}.AppStore|ARM.ActiveCfg = Release|ARM
		{ABF86E75-B391-44DF-B3EE-87BF293ABFAC}.AppStore|ARM.Build.0 = Release|ARM
		{ABF86E75-B391-44DF-B3EE-87BF293ABFAC}.AppStore|ARM.Deploy.0 = Release|ARM
		{ABF86E75-B391-44DF-B3EE-87BF293ABFAC}.AppStore|iPhone.ActiveCfg = Release|Any CPU
		{ABF86E75-B391-44DF-B3EE-87BF293ABFAC}.AppStore|iPhone.Build.0 = Release|Any CPU
		{ABF86E75-B391-44DF-B3EE-87BF293ABFAC}.AppStore|iPhone.Deploy.0 = Release|Any CPU
		{ABF86E75-B391-44DF-B3EE-87BF293ABFAC}.AppStore|iPhoneSimulator.ActiveCfg = Release|Any CPU
		{ABF86E75-B391-44DF-B3EE-87BF293ABFAC}.AppStore|iPhoneSimulator.Build.0 = Release|Any CPU
		{ABF86E75-B391-44DF-B3EE-87BF293ABFAC}.AppStore|iPhoneSimulator.Deploy.0 = Release|Any CPU
		{ABF86E75-B391-44DF-B3EE-87BF293ABFAC}.AppStore|x64.ActiveCfg = Release|Any CPU
		{ABF86E75-B391-44DF-B3EE-87BF293ABFAC}.AppStore|x64.Build.0 = Release|Any CPU
		{ABF86E75-B391-44DF-B3EE-87BF293ABFAC}.AppStore|x64.Deploy.0 = Release|Any CPU
		{ABF86E75-B391-44DF-B3EE-87BF293ABFAC}.AppStore|x86.ActiveCfg = Release|x86
		{ABF86E75-B391-44DF-B3EE-87BF293ABFAC}.AppStore|x86.Build.0 = Release|x86
		{ABF86E75-B391-44DF-B3EE-87BF293ABFAC}.AppStore|x86.Deploy.0 = Release|x86
		{ABF86E75-B391-44DF-B3EE-87BF293ABFAC}.Debug|Any CPU.ActiveCfg = Debug|Any CPU
		{ABF86E75-B391-44DF-B3EE-87BF293ABFAC}.Debug|Any CPU.Build.0 = Debug|Any CPU
		{ABF86E75-B391-44DF-B3EE-87BF293ABFAC}.Debug|Any CPU.Deploy.0 = Debug|Any CPU
		{ABF86E75-B391-44DF-B3EE-87BF293ABFAC}.Debug|ARM.ActiveCfg = Debug|ARM
		{ABF86E75-B391-44DF-B3EE-87BF293ABFAC}.Debug|ARM.Build.0 = Debug|ARM
		{ABF86E75-B391-44DF-B3EE-87BF293ABFAC}.Debug|ARM.Deploy.0 = Debug|ARM
		{ABF86E75-B391-44DF-B3EE-87BF293ABFAC}.Debug|iPhone.ActiveCfg = Debug|Any CPU
		{ABF86E75-B391-44DF-B3EE-87BF293ABFAC}.Debug|iPhone.Build.0 = Debug|Any CPU
		{ABF86E75-B391-44DF-B3EE-87BF293ABFAC}.Debug|iPhone.Deploy.0 = Debug|Any CPU
		{ABF86E75-B391-44DF-B3EE-87BF293ABFAC}.Debug|iPhoneSimulator.ActiveCfg = Debug|Any CPU
		{ABF86E75-B391-44DF-B3EE-87BF293ABFAC}.Debug|iPhoneSimulator.Build.0 = Debug|Any CPU
		{ABF86E75-B391-44DF-B3EE-87BF293ABFAC}.Debug|iPhoneSimulator.Deploy.0 = Debug|Any CPU
		{ABF86E75-B391-44DF-B3EE-87BF293ABFAC}.Debug|x64.ActiveCfg = Debug|Any CPU
		{ABF86E75-B391-44DF-B3EE-87BF293ABFAC}.Debug|x64.Build.0 = Debug|Any CPU
		{ABF86E75-B391-44DF-B3EE-87BF293ABFAC}.Debug|x64.Deploy.0 = Debug|Any CPU
		{ABF86E75-B391-44DF-B3EE-87BF293ABFAC}.Debug|x86.ActiveCfg = Debug|x86
		{ABF86E75-B391-44DF-B3EE-87BF293ABFAC}.Debug|x86.Build.0 = Debug|x86
		{ABF86E75-B391-44DF-B3EE-87BF293ABFAC}.Debug|x86.Deploy.0 = Debug|x86
		{ABF86E75-B391-44DF-B3EE-87BF293ABFAC}.Release|Any CPU.ActiveCfg = Release|Any CPU
		{ABF86E75-B391-44DF-B3EE-87BF293ABFAC}.Release|Any CPU.Build.0 = Release|Any CPU
		{ABF86E75-B391-44DF-B3EE-87BF293ABFAC}.Release|Any CPU.Deploy.0 = Release|Any CPU
		{ABF86E75-B391-44DF-B3EE-87BF293ABFAC}.Release|ARM.ActiveCfg = Release|ARM
		{ABF86E75-B391-44DF-B3EE-87BF293ABFAC}.Release|ARM.Build.0 = Release|ARM
		{ABF86E75-B391-44DF-B3EE-87BF293ABFAC}.Release|ARM.Deploy.0 = Release|ARM
		{ABF86E75-B391-44DF-B3EE-87BF293ABFAC}.Release|iPhone.ActiveCfg = Release|Any CPU
		{ABF86E75-B391-44DF-B3EE-87BF293ABFAC}.Release|iPhone.Build.0 = Release|Any CPU
		{ABF86E75-B391-44DF-B3EE-87BF293ABFAC}.Release|iPhone.Deploy.0 = Release|Any CPU
		{ABF86E75-B391-44DF-B3EE-87BF293ABFAC}.Release|iPhoneSimulator.ActiveCfg = Release|Any CPU
		{ABF86E75-B391-44DF-B3EE-87BF293ABFAC}.Release|iPhoneSimulator.Build.0 = Release|Any CPU
		{ABF86E75-B391-44DF-B3EE-87BF293ABFAC}.Release|iPhoneSimulator.Deploy.0 = Release|Any CPU
		{ABF86E75-B391-44DF-B3EE-87BF293ABFAC}.Release|x64.ActiveCfg = Release|Any CPU
		{ABF86E75-B391-44DF-B3EE-87BF293ABFAC}.Release|x64.Build.0 = Release|Any CPU
		{ABF86E75-B391-44DF-B3EE-87BF293ABFAC}.Release|x64.Deploy.0 = Release|Any CPU
		{ABF86E75-B391-44DF-B3EE-87BF293ABFAC}.Release|x86.ActiveCfg = Release|x86
		{ABF86E75-B391-44DF-B3EE-87BF293ABFAC}.Release|x86.Build.0 = Release|x86
		{ABF86E75-B391-44DF-B3EE-87BF293ABFAC}.Release|x86.Deploy.0 = Release|x86
		{148A6565-70F6-4639-B39F-98AF029E8D05}.Ad-Hoc|Any CPU.ActiveCfg = Release|x86
		{148A6565-70F6-4639-B39F-98AF029E8D05}.Ad-Hoc|Any CPU.Build.0 = Release|x86
		{148A6565-70F6-4639-B39F-98AF029E8D05}.Ad-Hoc|Any CPU.Deploy.0 = Release|x86
		{148A6565-70F6-4639-B39F-98AF029E8D05}.Ad-Hoc|ARM.ActiveCfg = Release|ARM
		{148A6565-70F6-4639-B39F-98AF029E8D05}.Ad-Hoc|ARM.Build.0 = Release|ARM
		{148A6565-70F6-4639-B39F-98AF029E8D05}.Ad-Hoc|ARM.Deploy.0 = Release|ARM
		{148A6565-70F6-4639-B39F-98AF029E8D05}.Ad-Hoc|iPhone.ActiveCfg = Release|x86
		{148A6565-70F6-4639-B39F-98AF029E8D05}.Ad-Hoc|iPhone.Build.0 = Release|x86
		{148A6565-70F6-4639-B39F-98AF029E8D05}.Ad-Hoc|iPhone.Deploy.0 = Release|x86
		{148A6565-70F6-4639-B39F-98AF029E8D05}.Ad-Hoc|iPhoneSimulator.ActiveCfg = Release|x86
		{148A6565-70F6-4639-B39F-98AF029E8D05}.Ad-Hoc|iPhoneSimulator.Build.0 = Release|x86
		{148A6565-70F6-4639-B39F-98AF029E8D05}.Ad-Hoc|iPhoneSimulator.Deploy.0 = Release|x86
		{148A6565-70F6-4639-B39F-98AF029E8D05}.Ad-Hoc|x64.ActiveCfg = Release|x64
		{148A6565-70F6-4639-B39F-98AF029E8D05}.Ad-Hoc|x64.Build.0 = Release|x64
		{148A6565-70F6-4639-B39F-98AF029E8D05}.Ad-Hoc|x64.Deploy.0 = Release|x64
		{148A6565-70F6-4639-B39F-98AF029E8D05}.Ad-Hoc|x86.ActiveCfg = Release|x86
		{148A6565-70F6-4639-B39F-98AF029E8D05}.Ad-Hoc|x86.Build.0 = Release|x86
		{148A6565-70F6-4639-B39F-98AF029E8D05}.Ad-Hoc|x86.Deploy.0 = Release|x86
		{148A6565-70F6-4639-B39F-98AF029E8D05}.AppStore|Any CPU.ActiveCfg = Release|x86
		{148A6565-70F6-4639-B39F-98AF029E8D05}.AppStore|Any CPU.Build.0 = Release|x86
		{148A6565-70F6-4639-B39F-98AF029E8D05}.AppStore|Any CPU.Deploy.0 = Release|x86
		{148A6565-70F6-4639-B39F-98AF029E8D05}.AppStore|ARM.ActiveCfg = Release|ARM
		{148A6565-70F6-4639-B39F-98AF029E8D05}.AppStore|ARM.Build.0 = Release|ARM
		{148A6565-70F6-4639-B39F-98AF029E8D05}.AppStore|ARM.Deploy.0 = Release|ARM
		{148A6565-70F6-4639-B39F-98AF029E8D05}.AppStore|iPhone.ActiveCfg = Release|x86
		{148A6565-70F6-4639-B39F-98AF029E8D05}.AppStore|iPhone.Build.0 = Release|x86
		{148A6565-70F6-4639-B39F-98AF029E8D05}.AppStore|iPhone.Deploy.0 = Release|x86
		{148A6565-70F6-4639-B39F-98AF029E8D05}.AppStore|iPhoneSimulator.ActiveCfg = Release|x86
		{148A6565-70F6-4639-B39F-98AF029E8D05}.AppStore|iPhoneSimulator.Build.0 = Release|x86
		{148A6565-70F6-4639-B39F-98AF029E8D05}.AppStore|iPhoneSimulator.Deploy.0 = Release|x86
		{148A6565-70F6-4639-B39F-98AF029E8D05}.AppStore|x64.ActiveCfg = Release|x64
		{148A6565-70F6-4639-B39F-98AF029E8D05}.AppStore|x64.Build.0 = Release|x64
		{148A6565-70F6-4639-B39F-98AF029E8D05}.AppStore|x64.Deploy.0 = Release|x64
		{148A6565-70F6-4639-B39F-98AF029E8D05}.AppStore|x86.ActiveCfg = Release|x86
		{148A6565-70F6-4639-B39F-98AF029E8D05}.AppStore|x86.Build.0 = Release|x86
		{148A6565-70F6-4639-B39F-98AF029E8D05}.AppStore|x86.Deploy.0 = Release|x86
		{148A6565-70F6-4639-B39F-98AF029E8D05}.Debug|Any CPU.ActiveCfg = Debug|x86
		{148A6565-70F6-4639-B39F-98AF029E8D05}.Debug|ARM.ActiveCfg = Debug|ARM
		{148A6565-70F6-4639-B39F-98AF029E8D05}.Debug|ARM.Build.0 = Debug|ARM
		{148A6565-70F6-4639-B39F-98AF029E8D05}.Debug|ARM.Deploy.0 = Debug|ARM
		{148A6565-70F6-4639-B39F-98AF029E8D05}.Debug|iPhone.ActiveCfg = Debug|x86
		{148A6565-70F6-4639-B39F-98AF029E8D05}.Debug|iPhoneSimulator.ActiveCfg = Debug|x86
		{148A6565-70F6-4639-B39F-98AF029E8D05}.Debug|x64.ActiveCfg = Debug|x64
		{148A6565-70F6-4639-B39F-98AF029E8D05}.Debug|x64.Build.0 = Debug|x64
		{148A6565-70F6-4639-B39F-98AF029E8D05}.Debug|x64.Deploy.0 = Debug|x64
		{148A6565-70F6-4639-B39F-98AF029E8D05}.Debug|x86.ActiveCfg = Debug|x86
		{148A6565-70F6-4639-B39F-98AF029E8D05}.Debug|x86.Build.0 = Debug|x86
		{148A6565-70F6-4639-B39F-98AF029E8D05}.Debug|x86.Deploy.0 = Debug|x86
		{148A6565-70F6-4639-B39F-98AF029E8D05}.Release|Any CPU.ActiveCfg = Release|x86
		{148A6565-70F6-4639-B39F-98AF029E8D05}.Release|ARM.ActiveCfg = Release|ARM
		{148A6565-70F6-4639-B39F-98AF029E8D05}.Release|ARM.Build.0 = Release|ARM
		{148A6565-70F6-4639-B39F-98AF029E8D05}.Release|ARM.Deploy.0 = Release|ARM
		{148A6565-70F6-4639-B39F-98AF029E8D05}.Release|iPhone.ActiveCfg = Release|x86
		{148A6565-70F6-4639-B39F-98AF029E8D05}.Release|iPhoneSimulator.ActiveCfg = Release|x86
		{148A6565-70F6-4639-B39F-98AF029E8D05}.Release|x64.ActiveCfg = Release|x64
		{148A6565-70F6-4639-B39F-98AF029E8D05}.Release|x64.Build.0 = Release|x64
		{148A6565-70F6-4639-B39F-98AF029E8D05}.Release|x64.Deploy.0 = Release|x64
		{148A6565-70F6-4639-B39F-98AF029E8D05}.Release|x86.ActiveCfg = Release|x86
		{148A6565-70F6-4639-B39F-98AF029E8D05}.Release|x86.Build.0 = Release|x86
		{148A6565-70F6-4639-B39F-98AF029E8D05}.Release|x86.Deploy.0 = Release|x86
		{753AEB28-2EBF-432D-AA1C-D9F43F46BA1A}.Ad-Hoc|Any CPU.ActiveCfg = Release|Any CPU
		{753AEB28-2EBF-432D-AA1C-D9F43F46BA1A}.Ad-Hoc|Any CPU.Build.0 = Release|Any CPU
		{753AEB28-2EBF-432D-AA1C-D9F43F46BA1A}.Ad-Hoc|Any CPU.Deploy.0 = Release|Any CPU
		{753AEB28-2EBF-432D-AA1C-D9F43F46BA1A}.Ad-Hoc|ARM.ActiveCfg = Release|ARM
		{753AEB28-2EBF-432D-AA1C-D9F43F46BA1A}.Ad-Hoc|ARM.Build.0 = Release|ARM
		{753AEB28-2EBF-432D-AA1C-D9F43F46BA1A}.Ad-Hoc|ARM.Deploy.0 = Release|ARM
		{753AEB28-2EBF-432D-AA1C-D9F43F46BA1A}.Ad-Hoc|iPhone.ActiveCfg = Release|Any CPU
		{753AEB28-2EBF-432D-AA1C-D9F43F46BA1A}.Ad-Hoc|iPhone.Build.0 = Release|Any CPU
		{753AEB28-2EBF-432D-AA1C-D9F43F46BA1A}.Ad-Hoc|iPhone.Deploy.0 = Release|Any CPU
		{753AEB28-2EBF-432D-AA1C-D9F43F46BA1A}.Ad-Hoc|iPhoneSimulator.ActiveCfg = Release|Any CPU
		{753AEB28-2EBF-432D-AA1C-D9F43F46BA1A}.Ad-Hoc|iPhoneSimulator.Build.0 = Release|Any CPU
		{753AEB28-2EBF-432D-AA1C-D9F43F46BA1A}.Ad-Hoc|iPhoneSimulator.Deploy.0 = Release|Any CPU
		{753AEB28-2EBF-432D-AA1C-D9F43F46BA1A}.Ad-Hoc|x64.ActiveCfg = Release|x64
		{753AEB28-2EBF-432D-AA1C-D9F43F46BA1A}.Ad-Hoc|x64.Build.0 = Release|x64
		{753AEB28-2EBF-432D-AA1C-D9F43F46BA1A}.Ad-Hoc|x64.Deploy.0 = Release|x64
		{753AEB28-2EBF-432D-AA1C-D9F43F46BA1A}.Ad-Hoc|x86.ActiveCfg = Release|x86
		{753AEB28-2EBF-432D-AA1C-D9F43F46BA1A}.Ad-Hoc|x86.Build.0 = Release|x86
		{753AEB28-2EBF-432D-AA1C-D9F43F46BA1A}.Ad-Hoc|x86.Deploy.0 = Release|x86
		{753AEB28-2EBF-432D-AA1C-D9F43F46BA1A}.AppStore|Any CPU.ActiveCfg = Release|Any CPU
		{753AEB28-2EBF-432D-AA1C-D9F43F46BA1A}.AppStore|Any CPU.Build.0 = Release|Any CPU
		{753AEB28-2EBF-432D-AA1C-D9F43F46BA1A}.AppStore|Any CPU.Deploy.0 = Release|Any CPU
		{753AEB28-2EBF-432D-AA1C-D9F43F46BA1A}.AppStore|ARM.ActiveCfg = Release|ARM
		{753AEB28-2EBF-432D-AA1C-D9F43F46BA1A}.AppStore|ARM.Build.0 = Release|ARM
		{753AEB28-2EBF-432D-AA1C-D9F43F46BA1A}.AppStore|ARM.Deploy.0 = Release|ARM
		{753AEB28-2EBF-432D-AA1C-D9F43F46BA1A}.AppStore|iPhone.ActiveCfg = Release|Any CPU
		{753AEB28-2EBF-432D-AA1C-D9F43F46BA1A}.AppStore|iPhone.Build.0 = Release|Any CPU
		{753AEB28-2EBF-432D-AA1C-D9F43F46BA1A}.AppStore|iPhone.Deploy.0 = Release|Any CPU
		{753AEB28-2EBF-432D-AA1C-D9F43F46BA1A}.AppStore|iPhoneSimulator.ActiveCfg = Release|Any CPU
		{753AEB28-2EBF-432D-AA1C-D9F43F46BA1A}.AppStore|iPhoneSimulator.Build.0 = Release|Any CPU
		{753AEB28-2EBF-432D-AA1C-D9F43F46BA1A}.AppStore|iPhoneSimulator.Deploy.0 = Release|Any CPU
		{753AEB28-2EBF-432D-AA1C-D9F43F46BA1A}.AppStore|x64.ActiveCfg = Release|x64
		{753AEB28-2EBF-432D-AA1C-D9F43F46BA1A}.AppStore|x64.Build.0 = Release|x64
		{753AEB28-2EBF-432D-AA1C-D9F43F46BA1A}.AppStore|x64.Deploy.0 = Release|x64
		{753AEB28-2EBF-432D-AA1C-D9F43F46BA1A}.AppStore|x86.ActiveCfg = Release|x86
		{753AEB28-2EBF-432D-AA1C-D9F43F46BA1A}.AppStore|x86.Build.0 = Release|x86
		{753AEB28-2EBF-432D-AA1C-D9F43F46BA1A}.AppStore|x86.Deploy.0 = Release|x86
		{753AEB28-2EBF-432D-AA1C-D9F43F46BA1A}.Debug|Any CPU.ActiveCfg = Debug|Any CPU
		{753AEB28-2EBF-432D-AA1C-D9F43F46BA1A}.Debug|Any CPU.Build.0 = Debug|Any CPU
		{753AEB28-2EBF-432D-AA1C-D9F43F46BA1A}.Debug|Any CPU.Deploy.0 = Debug|Any CPU
		{753AEB28-2EBF-432D-AA1C-D9F43F46BA1A}.Debug|ARM.ActiveCfg = Debug|ARM
		{753AEB28-2EBF-432D-AA1C-D9F43F46BA1A}.Debug|ARM.Build.0 = Debug|ARM
		{753AEB28-2EBF-432D-AA1C-D9F43F46BA1A}.Debug|ARM.Deploy.0 = Debug|ARM
		{753AEB28-2EBF-432D-AA1C-D9F43F46BA1A}.Debug|iPhone.ActiveCfg = Debug|Any CPU
		{753AEB28-2EBF-432D-AA1C-D9F43F46BA1A}.Debug|iPhone.Build.0 = Debug|Any CPU
		{753AEB28-2EBF-432D-AA1C-D9F43F46BA1A}.Debug|iPhone.Deploy.0 = Debug|Any CPU
		{753AEB28-2EBF-432D-AA1C-D9F43F46BA1A}.Debug|iPhoneSimulator.ActiveCfg = Debug|Any CPU
		{753AEB28-2EBF-432D-AA1C-D9F43F46BA1A}.Debug|iPhoneSimulator.Build.0 = Debug|Any CPU
		{753AEB28-2EBF-432D-AA1C-D9F43F46BA1A}.Debug|iPhoneSimulator.Deploy.0 = Debug|Any CPU
		{753AEB28-2EBF-432D-AA1C-D9F43F46BA1A}.Debug|x64.ActiveCfg = Debug|x64
		{753AEB28-2EBF-432D-AA1C-D9F43F46BA1A}.Debug|x64.Build.0 = Debug|x64
		{753AEB28-2EBF-432D-AA1C-D9F43F46BA1A}.Debug|x64.Deploy.0 = Debug|x64
		{753AEB28-2EBF-432D-AA1C-D9F43F46BA1A}.Debug|x86.ActiveCfg = Debug|x86
		{753AEB28-2EBF-432D-AA1C-D9F43F46BA1A}.Debug|x86.Build.0 = Debug|x86
		{753AEB28-2EBF-432D-AA1C-D9F43F46BA1A}.Debug|x86.Deploy.0 = Debug|x86
		{753AEB28-2EBF-432D-AA1C-D9F43F46BA1A}.Release|Any CPU.ActiveCfg = Release|Any CPU
		{753AEB28-2EBF-432D-AA1C-D9F43F46BA1A}.Release|Any CPU.Build.0 = Release|Any CPU
		{753AEB28-2EBF-432D-AA1C-D9F43F46BA1A}.Release|Any CPU.Deploy.0 = Release|Any CPU
		{753AEB28-2EBF-432D-AA1C-D9F43F46BA1A}.Release|ARM.ActiveCfg = Release|ARM
		{753AEB28-2EBF-432D-AA1C-D9F43F46BA1A}.Release|ARM.Build.0 = Release|ARM
		{753AEB28-2EBF-432D-AA1C-D9F43F46BA1A}.Release|ARM.Deploy.0 = Release|ARM
		{753AEB28-2EBF-432D-AA1C-D9F43F46BA1A}.Release|iPhone.ActiveCfg = Release|Any CPU
		{753AEB28-2EBF-432D-AA1C-D9F43F46BA1A}.Release|iPhone.Build.0 = Release|Any CPU
		{753AEB28-2EBF-432D-AA1C-D9F43F46BA1A}.Release|iPhone.Deploy.0 = Release|Any CPU
		{753AEB28-2EBF-432D-AA1C-D9F43F46BA1A}.Release|iPhoneSimulator.ActiveCfg = Release|Any CPU
		{753AEB28-2EBF-432D-AA1C-D9F43F46BA1A}.Release|iPhoneSimulator.Build.0 = Release|Any CPU
		{753AEB28-2EBF-432D-AA1C-D9F43F46BA1A}.Release|iPhoneSimulator.Deploy.0 = Release|Any CPU
		{753AEB28-2EBF-432D-AA1C-D9F43F46BA1A}.Release|x64.ActiveCfg = Release|x64
		{753AEB28-2EBF-432D-AA1C-D9F43F46BA1A}.Release|x64.Build.0 = Release|x64
		{753AEB28-2EBF-432D-AA1C-D9F43F46BA1A}.Release|x64.Deploy.0 = Release|x64
		{753AEB28-2EBF-432D-AA1C-D9F43F46BA1A}.Release|x86.ActiveCfg = Release|x86
		{753AEB28-2EBF-432D-AA1C-D9F43F46BA1A}.Release|x86.Build.0 = Release|x86
		{753AEB28-2EBF-432D-AA1C-D9F43F46BA1A}.Release|x86.Deploy.0 = Release|x86
		{3320938C-67C1-4902-B350-F7DA72CC0D46}.Ad-Hoc|Any CPU.ActiveCfg = Release|Any CPU
		{3320938C-67C1-4902-B350-F7DA72CC0D46}.Ad-Hoc|Any CPU.Build.0 = Release|Any CPU
		{3320938C-67C1-4902-B350-F7DA72CC0D46}.Ad-Hoc|ARM.ActiveCfg = Release|Any CPU
		{3320938C-67C1-4902-B350-F7DA72CC0D46}.Ad-Hoc|ARM.Build.0 = Release|Any CPU
		{3320938C-67C1-4902-B350-F7DA72CC0D46}.Ad-Hoc|iPhone.ActiveCfg = Release|Any CPU
		{3320938C-67C1-4902-B350-F7DA72CC0D46}.Ad-Hoc|iPhone.Build.0 = Release|Any CPU
		{3320938C-67C1-4902-B350-F7DA72CC0D46}.Ad-Hoc|iPhoneSimulator.ActiveCfg = Release|Any CPU
		{3320938C-67C1-4902-B350-F7DA72CC0D46}.Ad-Hoc|iPhoneSimulator.Build.0 = Release|Any CPU
		{3320938C-67C1-4902-B350-F7DA72CC0D46}.Ad-Hoc|x64.ActiveCfg = Release|Any CPU
		{3320938C-67C1-4902-B350-F7DA72CC0D46}.Ad-Hoc|x64.Build.0 = Release|Any CPU
		{3320938C-67C1-4902-B350-F7DA72CC0D46}.Ad-Hoc|x86.ActiveCfg = Release|Any CPU
		{3320938C-67C1-4902-B350-F7DA72CC0D46}.Ad-Hoc|x86.Build.0 = Release|Any CPU
		{3320938C-67C1-4902-B350-F7DA72CC0D46}.AppStore|Any CPU.ActiveCfg = Release|Any CPU
		{3320938C-67C1-4902-B350-F7DA72CC0D46}.AppStore|Any CPU.Build.0 = Release|Any CPU
		{3320938C-67C1-4902-B350-F7DA72CC0D46}.AppStore|ARM.ActiveCfg = Release|Any CPU
		{3320938C-67C1-4902-B350-F7DA72CC0D46}.AppStore|ARM.Build.0 = Release|Any CPU
		{3320938C-67C1-4902-B350-F7DA72CC0D46}.AppStore|iPhone.ActiveCfg = Release|Any CPU
		{3320938C-67C1-4902-B350-F7DA72CC0D46}.AppStore|iPhone.Build.0 = Release|Any CPU
		{3320938C-67C1-4902-B350-F7DA72CC0D46}.AppStore|iPhoneSimulator.ActiveCfg = Release|Any CPU
		{3320938C-67C1-4902-B350-F7DA72CC0D46}.AppStore|iPhoneSimulator.Build.0 = Release|Any CPU
		{3320938C-67C1-4902-B350-F7DA72CC0D46}.AppStore|x64.ActiveCfg = Release|Any CPU
		{3320938C-67C1-4902-B350-F7DA72CC0D46}.AppStore|x64.Build.0 = Release|Any CPU
		{3320938C-67C1-4902-B350-F7DA72CC0D46}.AppStore|x86.ActiveCfg = Release|Any CPU
		{3320938C-67C1-4902-B350-F7DA72CC0D46}.AppStore|x86.Build.0 = Release|Any CPU
		{3320938C-67C1-4902-B350-F7DA72CC0D46}.Debug|Any CPU.ActiveCfg = Debug|Any CPU
		{3320938C-67C1-4902-B350-F7DA72CC0D46}.Debug|Any CPU.Build.0 = Debug|Any CPU
		{3320938C-67C1-4902-B350-F7DA72CC0D46}.Debug|ARM.ActiveCfg = Debug|Any CPU
		{3320938C-67C1-4902-B350-F7DA72CC0D46}.Debug|ARM.Build.0 = Debug|Any CPU
		{3320938C-67C1-4902-B350-F7DA72CC0D46}.Debug|iPhone.ActiveCfg = Debug|Any CPU
		{3320938C-67C1-4902-B350-F7DA72CC0D46}.Debug|iPhone.Build.0 = Debug|Any CPU
		{3320938C-67C1-4902-B350-F7DA72CC0D46}.Debug|iPhoneSimulator.ActiveCfg = Debug|Any CPU
		{3320938C-67C1-4902-B350-F7DA72CC0D46}.Debug|iPhoneSimulator.Build.0 = Debug|Any CPU
		{3320938C-67C1-4902-B350-F7DA72CC0D46}.Debug|x64.ActiveCfg = Debug|Any CPU
		{3320938C-67C1-4902-B350-F7DA72CC0D46}.Debug|x64.Build.0 = Debug|Any CPU
		{3320938C-67C1-4902-B350-F7DA72CC0D46}.Debug|x86.ActiveCfg = Debug|Any CPU
		{3320938C-67C1-4902-B350-F7DA72CC0D46}.Debug|x86.Build.0 = Debug|Any CPU
		{3320938C-67C1-4902-B350-F7DA72CC0D46}.Release|Any CPU.ActiveCfg = Release|Any CPU
		{3320938C-67C1-4902-B350-F7DA72CC0D46}.Release|Any CPU.Build.0 = Release|Any CPU
		{3320938C-67C1-4902-B350-F7DA72CC0D46}.Release|ARM.ActiveCfg = Release|Any CPU
		{3320938C-67C1-4902-B350-F7DA72CC0D46}.Release|ARM.Build.0 = Release|Any CPU
		{3320938C-67C1-4902-B350-F7DA72CC0D46}.Release|iPhone.ActiveCfg = Release|Any CPU
		{3320938C-67C1-4902-B350-F7DA72CC0D46}.Release|iPhone.Build.0 = Release|Any CPU
		{3320938C-67C1-4902-B350-F7DA72CC0D46}.Release|iPhoneSimulator.ActiveCfg = Release|Any CPU
		{3320938C-67C1-4902-B350-F7DA72CC0D46}.Release|iPhoneSimulator.Build.0 = Release|Any CPU
		{3320938C-67C1-4902-B350-F7DA72CC0D46}.Release|x64.ActiveCfg = Release|Any CPU
		{3320938C-67C1-4902-B350-F7DA72CC0D46}.Release|x64.Build.0 = Release|Any CPU
		{3320938C-67C1-4902-B350-F7DA72CC0D46}.Release|x86.ActiveCfg = Release|Any CPU
		{3320938C-67C1-4902-B350-F7DA72CC0D46}.Release|x86.Build.0 = Release|Any CPU
	EndGlobalSection
	GlobalSection(SolutionProperties) = preSolution
		HideSolutionNode = FALSE
	EndGlobalSection
EndGlobal
