
Microsoft Visual Studio Solution File, Format Version 12.00
# Visual Studio 14
VisualStudioVersion = 14.0.25420.1
MinimumVisualStudioVersion = 10.0.40219.1
Project("{FAE04EC0-301F-11D3-BF4B-00C04F79EFBC}") = "PhoneWord.Droid", "PhoneWord\PhoneWord.Droid\PhoneWord.Droid.csproj", "{5CA1E920-6916-41C0-8AC0-B9DD25ED18B8}"
EndProject
Project("{FAE04EC0-301F-11D3-BF4B-00C04F79EFBC}") = "PhoneWord.iOS", "PhoneWord\PhoneWord.iOS\PhoneWord.iOS.csproj", "{45B12E19-43B3-4ABC-8F4C-F389C946EA89}"
EndProject
Project("{FAE04EC0-301F-11D3-BF4B-00C04F79EFBC}") = "PhoneWord.WinPhone", "PhoneWord\PhoneWord.WinPhone\PhoneWord.WinPhone.csproj", "{7B0A938A-F040-4115-9D54-68ACC159BE43}"
EndProject
Project("{FAE04EC0-301F-11D3-BF4B-00C04F79EFBC}") = "PhoneWord.UWP", "PhoneWord\PhoneWord.UWP\PhoneWord.UWP.csproj", "{2ACBC16D-A7C9-4954-969D-E88D7769F108}"
EndProject
Project("{FAE04EC0-301F-11D3-BF4B-00C04F79EFBC}") = "PhoneWord.Windows", "PhoneWord\PhoneWord.Windows\PhoneWord.Windows.csproj", "{F7CDF446-5529-4008-BC25-B1A88C6DA0B3}"
EndProject
Project("{FAE04EC0-301F-11D3-BF4B-00C04F79EFBC}") = "PhoneWord", "PhoneWord\PhoneWord\PhoneWord.csproj", "{8728DCAB-AE10-46BC-BBCD-57D7B9F034CF}"
EndProject
Global
	GlobalSection(SolutionConfigurationPlatforms) = preSolution
		Ad-Hoc|Any CPU = Ad-Hoc|Any CPU
		Ad-Hoc|ARM = Ad-Hoc|ARM
		Ad-Hoc|iPhone = Ad-Hoc|iPhone
		Ad-Hoc|iPhoneSimulator = Ad-Hoc|iPhoneSimulator
		Ad-Hoc|x64 = Ad-Hoc|x64
		Ad-Hoc|x86 = Ad-Hoc|x86
		AppStore|Any CPU = AppStore|Any CPU
		AppStore|ARM = AppStore|ARM
		AppStore|iPhone = AppStore|iPhone
		AppStore|iPhoneSimulator = AppStore|iPhoneSimulator
		AppStore|x64 = AppStore|x64
		AppStore|x86 = AppStore|x86
		Debug|Any CPU = Debug|Any CPU
		Debug|ARM = Debug|ARM
		Debug|iPhone = Debug|iPhone
		Debug|iPhoneSimulator = Debug|iPhoneSimulator
		Debug|x64 = Debug|x64
		Debug|x86 = Debug|x86
		Release|Any CPU = Release|Any CPU
		Release|ARM = Release|ARM
		Release|iPhone = Release|iPhone
		Release|iPhoneSimulator = Release|iPhoneSimulator
		Release|x64 = Release|x64
		Release|x86 = Release|x86
	EndGlobalSection
	GlobalSection(ProjectConfigurationPlatforms) = postSolution
		{5CA1E920-6916-41C0-8AC0-B9DD25ED18B8}.Ad-Hoc|Any CPU.ActiveCfg = Release|Any CPU
		{5CA1E920-6916-41C0-8AC0-B9DD25ED18B8}.Ad-Hoc|Any CPU.Build.0 = Release|Any CPU
		{5CA1E920-6916-41C0-8AC0-B9DD25ED18B8}.Ad-Hoc|Any CPU.Deploy.0 = Release|Any CPU
		{5CA1E920-6916-41C0-8AC0-B9DD25ED18B8}.Ad-Hoc|ARM.ActiveCfg = Release|Any CPU
		{5CA1E920-6916-41C0-8AC0-B9DD25ED18B8}.Ad-Hoc|ARM.Build.0 = Release|Any CPU
		{5CA1E920-6916-41C0-8AC0-B9DD25ED18B8}.Ad-Hoc|ARM.Deploy.0 = Release|Any CPU
		{5CA1E920-6916-41C0-8AC0-B9DD25ED18B8}.Ad-Hoc|iPhone.ActiveCfg = Release|Any CPU
		{5CA1E920-6916-41C0-8AC0-B9DD25ED18B8}.Ad-Hoc|iPhone.Build.0 = Release|Any CPU
		{5CA1E920-6916-41C0-8AC0-B9DD25ED18B8}.Ad-Hoc|iPhone.Deploy.0 = Release|Any CPU
		{5CA1E920-6916-41C0-8AC0-B9DD25ED18B8}.Ad-Hoc|iPhoneSimulator.ActiveCfg = Release|Any CPU
		{5CA1E920-6916-41C0-8AC0-B9DD25ED18B8}.Ad-Hoc|iPhoneSimulator.Build.0 = Release|Any CPU
		{5CA1E920-6916-41C0-8AC0-B9DD25ED18B8}.Ad-Hoc|iPhoneSimulator.Deploy.0 = Release|Any CPU
		{5CA1E920-6916-41C0-8AC0-B9DD25ED18B8}.Ad-Hoc|x64.ActiveCfg = Release|Any CPU
		{5CA1E920-6916-41C0-8AC0-B9DD25ED18B8}.Ad-Hoc|x64.Build.0 = Release|Any CPU
		{5CA1E920-6916-41C0-8AC0-B9DD25ED18B8}.Ad-Hoc|x64.Deploy.0 = Release|Any CPU
		{5CA1E920-6916-41C0-8AC0-B9DD25ED18B8}.Ad-Hoc|x86.ActiveCfg = Release|Any CPU
		{5CA1E920-6916-41C0-8AC0-B9DD25ED18B8}.Ad-Hoc|x86.Build.0 = Release|Any CPU
		{5CA1E920-6916-41C0-8AC0-B9DD25ED18B8}.Ad-Hoc|x86.Deploy.0 = Release|Any CPU
		{5CA1E920-6916-41C0-8AC0-B9DD25ED18B8}.AppStore|Any CPU.ActiveCfg = Release|Any CPU
		{5CA1E920-6916-41C0-8AC0-B9DD25ED18B8}.AppStore|Any CPU.Build.0 = Release|Any CPU
		{5CA1E920-6916-41C0-8AC0-B9DD25ED18B8}.AppStore|Any CPU.Deploy.0 = Release|Any CPU
		{5CA1E920-6916-41C0-8AC0-B9DD25ED18B8}.AppStore|ARM.ActiveCfg = Release|Any CPU
		{5CA1E920-6916-41C0-8AC0-B9DD25ED18B8}.AppStore|ARM.Build.0 = Release|Any CPU
		{5CA1E920-6916-41C0-8AC0-B9DD25ED18B8}.AppStore|ARM.Deploy.0 = Release|Any CPU
		{5CA1E920-6916-41C0-8AC0-B9DD25ED18B8}.AppStore|iPhone.ActiveCfg = Release|Any CPU
		{5CA1E920-6916-41C0-8AC0-B9DD25ED18B8}.AppStore|iPhone.Build.0 = Release|Any CPU
		{5CA1E920-6916-41C0-8AC0-B9DD25ED18B8}.AppStore|iPhone.Deploy.0 = Release|Any CPU
		{5CA1E920-6916-41C0-8AC0-B9DD25ED18B8}.AppStore|iPhoneSimulator.ActiveCfg = Release|Any CPU
		{5CA1E920-6916-41C0-8AC0-B9DD25ED18B8}.AppStore|iPhoneSimulator.Build.0 = Release|Any CPU
		{5CA1E920-6916-41C0-8AC0-B9DD25ED18B8}.AppStore|iPhoneSimulator.Deploy.0 = Release|Any CPU
		{5CA1E920-6916-41C0-8AC0-B9DD25ED18B8}.AppStore|x64.ActiveCfg = Release|Any CPU
		{5CA1E920-6916-41C0-8AC0-B9DD25ED18B8}.AppStore|x64.Build.0 = Release|Any CPU
		{5CA1E920-6916-41C0-8AC0-B9DD25ED18B8}.AppStore|x64.Deploy.0 = Release|Any CPU
		{5CA1E920-6916-41C0-8AC0-B9DD25ED18B8}.AppStore|x86.ActiveCfg = Release|Any CPU
		{5CA1E920-6916-41C0-8AC0-B9DD25ED18B8}.AppStore|x86.Build.0 = Release|Any CPU
		{5CA1E920-6916-41C0-8AC0-B9DD25ED18B8}.AppStore|x86.Deploy.0 = Release|Any CPU
		{5CA1E920-6916-41C0-8AC0-B9DD25ED18B8}.Debug|Any CPU.ActiveCfg = Debug|Any CPU
		{5CA1E920-6916-41C0-8AC0-B9DD25ED18B8}.Debug|Any CPU.Build.0 = Debug|Any CPU
		{5CA1E920-6916-41C0-8AC0-B9DD25ED18B8}.Debug|Any CPU.Deploy.0 = Debug|Any CPU
		{5CA1E920-6916-41C0-8AC0-B9DD25ED18B8}.Debug|ARM.ActiveCfg = Debug|Any CPU
		{5CA1E920-6916-41C0-8AC0-B9DD25ED18B8}.Debug|ARM.Build.0 = Debug|Any CPU
		{5CA1E920-6916-41C0-8AC0-B9DD25ED18B8}.Debug|ARM.Deploy.0 = Debug|Any CPU
		{5CA1E920-6916-41C0-8AC0-B9DD25ED18B8}.Debug|iPhone.ActiveCfg = Debug|Any CPU
		{5CA1E920-6916-41C0-8AC0-B9DD25ED18B8}.Debug|iPhone.Build.0 = Debug|Any CPU
		{5CA1E920-6916-41C0-8AC0-B9DD25ED18B8}.Debug|iPhone.Deploy.0 = Debug|Any CPU
		{5CA1E920-6916-41C0-8AC0-B9DD25ED18B8}.Debug|iPhoneSimulator.ActiveCfg = Debug|Any CPU
		{5CA1E920-6916-41C0-8AC0-B9DD25ED18B8}.Debug|iPhoneSimulator.Build.0 = Debug|Any CPU
		{5CA1E920-6916-41C0-8AC0-B9DD25ED18B8}.Debug|iPhoneSimulator.Deploy.0 = Debug|Any CPU
		{5CA1E920-6916-41C0-8AC0-B9DD25ED18B8}.Debug|x64.ActiveCfg = Debug|Any CPU
		{5CA1E920-6916-41C0-8AC0-B9DD25ED18B8}.Debug|x64.Build.0 = Debug|Any CPU
		{5CA1E920-6916-41C0-8AC0-B9DD25ED18B8}.Debug|x64.Deploy.0 = Debug|Any CPU
		{5CA1E920-6916-41C0-8AC0-B9DD25ED18B8}.Debug|x86.ActiveCfg = Debug|Any CPU
		{5CA1E920-6916-41C0-8AC0-B9DD25ED18B8}.Debug|x86.Build.0 = Debug|Any CPU
		{5CA1E920-6916-41C0-8AC0-B9DD25ED18B8}.Debug|x86.Deploy.0 = Debug|Any CPU
		{5CA1E920-6916-41C0-8AC0-B9DD25ED18B8}.Release|Any CPU.ActiveCfg = Release|Any CPU
		{5CA1E920-6916-41C0-8AC0-B9DD25ED18B8}.Release|Any CPU.Build.0 = Release|Any CPU
		{5CA1E920-6916-41C0-8AC0-B9DD25ED18B8}.Release|Any CPU.Deploy.0 = Release|Any CPU
		{5CA1E920-6916-41C0-8AC0-B9DD25ED18B8}.Release|ARM.ActiveCfg = Release|Any CPU
		{5CA1E920-6916-41C0-8AC0-B9DD25ED18B8}.Release|ARM.Build.0 = Release|Any CPU
		{5CA1E920-6916-41C0-8AC0-B9DD25ED18B8}.Release|ARM.Deploy.0 = Release|Any CPU
		{5CA1E920-6916-41C0-8AC0-B9DD25ED18B8}.Release|iPhone.ActiveCfg = Release|Any CPU
		{5CA1E920-6916-41C0-8AC0-B9DD25ED18B8}.Release|iPhone.Build.0 = Release|Any CPU
		{5CA1E920-6916-41C0-8AC0-B9DD25ED18B8}.Release|iPhone.Deploy.0 = Release|Any CPU
		{5CA1E920-6916-41C0-8AC0-B9DD25ED18B8}.Release|iPhoneSimulator.ActiveCfg = Release|Any CPU
		{5CA1E920-6916-41C0-8AC0-B9DD25ED18B8}.Release|iPhoneSimulator.Build.0 = Release|Any CPU
		{5CA1E920-6916-41C0-8AC0-B9DD25ED18B8}.Release|iPhoneSimulator.Deploy.0 = Release|Any CPU
		{5CA1E920-6916-41C0-8AC0-B9DD25ED18B8}.Release|x64.ActiveCfg = Release|Any CPU
		{5CA1E920-6916-41C0-8AC0-B9DD25ED18B8}.Release|x64.Build.0 = Release|Any CPU
		{5CA1E920-6916-41C0-8AC0-B9DD25ED18B8}.Release|x64.Deploy.0 = Release|Any CPU
		{5CA1E920-6916-41C0-8AC0-B9DD25ED18B8}.Release|x86.ActiveCfg = Release|Any CPU
		{5CA1E920-6916-41C0-8AC0-B9DD25ED18B8}.Release|x86.Build.0 = Release|Any CPU
		{5CA1E920-6916-41C0-8AC0-B9DD25ED18B8}.Release|x86.Deploy.0 = Release|Any CPU
		{45B12E19-43B3-4ABC-8F4C-F389C946EA89}.Ad-Hoc|Any CPU.ActiveCfg = Ad-Hoc|iPhone
		{45B12E19-43B3-4ABC-8F4C-F389C946EA89}.Ad-Hoc|ARM.ActiveCfg = Ad-Hoc|iPhone
		{45B12E19-43B3-4ABC-8F4C-F389C946EA89}.Ad-Hoc|iPhone.ActiveCfg = Ad-Hoc|iPhone
		{45B12E19-43B3-4ABC-8F4C-F389C946EA89}.Ad-Hoc|iPhone.Build.0 = Ad-Hoc|iPhone
		{45B12E19-43B3-4ABC-8F4C-F389C946EA89}.Ad-Hoc|iPhoneSimulator.ActiveCfg = Ad-Hoc|iPhoneSimulator
		{45B12E19-43B3-4ABC-8F4C-F389C946EA89}.Ad-Hoc|iPhoneSimulator.Build.0 = Ad-Hoc|iPhoneSimulator
		{45B12E19-43B3-4ABC-8F4C-F389C946EA89}.Ad-Hoc|x64.ActiveCfg = Ad-Hoc|iPhone
		{45B12E19-43B3-4ABC-8F4C-F389C946EA89}.Ad-Hoc|x86.ActiveCfg = Ad-Hoc|iPhone
		{45B12E19-43B3-4ABC-8F4C-F389C946EA89}.AppStore|Any CPU.ActiveCfg = AppStore|iPhone
		{45B12E19-43B3-4ABC-8F4C-F389C946EA89}.AppStore|ARM.ActiveCfg = AppStore|iPhone
		{45B12E19-43B3-4ABC-8F4C-F389C946EA89}.AppStore|iPhone.ActiveCfg = AppStore|iPhone
		{45B12E19-43B3-4ABC-8F4C-F389C946EA89}.AppStore|iPhone.Build.0 = AppStore|iPhone
		{45B12E19-43B3-4ABC-8F4C-F389C946EA89}.AppStore|iPhoneSimulator.ActiveCfg = AppStore|iPhoneSimulator
		{45B12E19-43B3-4ABC-8F4C-F389C946EA89}.AppStore|iPhoneSimulator.Build.0 = AppStore|iPhoneSimulator
		{45B12E19-43B3-4ABC-8F4C-F389C946EA89}.AppStore|x64.ActiveCfg = AppStore|iPhone
		{45B12E19-43B3-4ABC-8F4C-F389C946EA89}.AppStore|x86.ActiveCfg = AppStore|iPhone
		{45B12E19-43B3-4ABC-8F4C-F389C946EA89}.Debug|Any CPU.ActiveCfg = Debug|iPhone
		{45B12E19-43B3-4ABC-8F4C-F389C946EA89}.Debug|ARM.ActiveCfg = Debug|iPhone
		{45B12E19-43B3-4ABC-8F4C-F389C946EA89}.Debug|iPhone.ActiveCfg = Debug|iPhone
		{45B12E19-43B3-4ABC-8F4C-F389C946EA89}.Debug|iPhone.Build.0 = Debug|iPhone
		{45B12E19-43B3-4ABC-8F4C-F389C946EA89}.Debug|iPhoneSimulator.ActiveCfg = Debug|iPhoneSimulator
		{45B12E19-43B3-4ABC-8F4C-F389C946EA89}.Debug|iPhoneSimulator.Build.0 = Debug|iPhoneSimulator
		{45B12E19-43B3-4ABC-8F4C-F389C946EA89}.Debug|x64.ActiveCfg = Debug|iPhone
		{45B12E19-43B3-4ABC-8F4C-F389C946EA89}.Debug|x86.ActiveCfg = Debug|iPhone
		{45B12E19-43B3-4ABC-8F4C-F389C946EA89}.Release|Any CPU.ActiveCfg = Release|iPhone
		{45B12E19-43B3-4ABC-8F4C-F389C946EA89}.Release|ARM.ActiveCfg = Release|iPhone
		{45B12E19-43B3-4ABC-8F4C-F389C946EA89}.Release|iPhone.ActiveCfg = Release|iPhone
		{45B12E19-43B3-4ABC-8F4C-F389C946EA89}.Release|iPhone.Build.0 = Release|iPhone
		{45B12E19-43B3-4ABC-8F4C-F389C946EA89}.Release|iPhoneSimulator.ActiveCfg = Release|iPhoneSimulator
		{45B12E19-43B3-4ABC-8F4C-F389C946EA89}.Release|iPhoneSimulator.Build.0 = Release|iPhoneSimulator
		{45B12E19-43B3-4ABC-8F4C-F389C946EA89}.Release|x64.ActiveCfg = Release|iPhone
		{45B12E19-43B3-4ABC-8F4C-F389C946EA89}.Release|x86.ActiveCfg = Release|iPhone
		{7B0A938A-F040-4115-9D54-68ACC159BE43}.Ad-Hoc|Any CPU.ActiveCfg = Release|Any CPU
		{7B0A938A-F040-4115-9D54-68ACC159BE43}.Ad-Hoc|Any CPU.Build.0 = Release|Any CPU
		{7B0A938A-F040-4115-9D54-68ACC159BE43}.Ad-Hoc|Any CPU.Deploy.0 = Release|Any CPU
		{7B0A938A-F040-4115-9D54-68ACC159BE43}.Ad-Hoc|ARM.ActiveCfg = Release|ARM
		{7B0A938A-F040-4115-9D54-68ACC159BE43}.Ad-Hoc|ARM.Build.0 = Release|ARM
		{7B0A938A-F040-4115-9D54-68ACC159BE43}.Ad-Hoc|ARM.Deploy.0 = Release|ARM
		{7B0A938A-F040-4115-9D54-68ACC159BE43}.Ad-Hoc|iPhone.ActiveCfg = Release|Any CPU
		{7B0A938A-F040-4115-9D54-68ACC159BE43}.Ad-Hoc|iPhone.Build.0 = Release|Any CPU
		{7B0A938A-F040-4115-9D54-68ACC159BE43}.Ad-Hoc|iPhone.Deploy.0 = Release|Any CPU
		{7B0A938A-F040-4115-9D54-68ACC159BE43}.Ad-Hoc|iPhoneSimulator.ActiveCfg = Release|Any CPU
		{7B0A938A-F040-4115-9D54-68ACC159BE43}.Ad-Hoc|iPhoneSimulator.Build.0 = Release|Any CPU
		{7B0A938A-F040-4115-9D54-68ACC159BE43}.Ad-Hoc|iPhoneSimulator.Deploy.0 = Release|Any CPU
		{7B0A938A-F040-4115-9D54-68ACC159BE43}.Ad-Hoc|x64.ActiveCfg = Release|Any CPU
		{7B0A938A-F040-4115-9D54-68ACC159BE43}.Ad-Hoc|x64.Build.0 = Release|Any CPU
		{7B0A938A-F040-4115-9D54-68ACC159BE43}.Ad-Hoc|x64.Deploy.0 = Release|Any CPU
		{7B0A938A-F040-4115-9D54-68ACC159BE43}.Ad-Hoc|x86.ActiveCfg = Release|x86
		{7B0A938A-F040-4115-9D54-68ACC159BE43}.Ad-Hoc|x86.Build.0 = Release|x86
		{7B0A938A-F040-4115-9D54-68ACC159BE43}.Ad-Hoc|x86.Deploy.0 = Release|x86
		{7B0A938A-F040-4115-9D54-68ACC159BE43}.AppStore|Any CPU.ActiveCfg = Release|Any CPU
		{7B0A938A-F040-4115-9D54-68ACC159BE43}.AppStore|Any CPU.Build.0 = Release|Any CPU
		{7B0A938A-F040-4115-9D54-68ACC159BE43}.AppStore|Any CPU.Deploy.0 = Release|Any CPU
		{7B0A938A-F040-4115-9D54-68ACC159BE43}.AppStore|ARM.ActiveCfg = Release|ARM
		{7B0A938A-F040-4115-9D54-68ACC159BE43}.AppStore|ARM.Build.0 = Release|ARM
		{7B0A938A-F040-4115-9D54-68ACC159BE43}.AppStore|ARM.Deploy.0 = Release|ARM
		{7B0A938A-F040-4115-9D54-68ACC159BE43}.AppStore|iPhone.ActiveCfg = Release|Any CPU
		{7B0A938A-F040-4115-9D54-68ACC159BE43}.AppStore|iPhone.Build.0 = Release|Any CPU
		{7B0A938A-F040-4115-9D54-68ACC159BE43}.AppStore|iPhone.Deploy.0 = Release|Any CPU
		{7B0A938A-F040-4115-9D54-68ACC159BE43}.AppStore|iPhoneSimulator.ActiveCfg = Release|Any CPU
		{7B0A938A-F040-4115-9D54-68ACC159BE43}.AppStore|iPhoneSimulator.Build.0 = Release|Any CPU
		{7B0A938A-F040-4115-9D54-68ACC159BE43}.AppStore|iPhoneSimulator.Deploy.0 = Release|Any CPU
		{7B0A938A-F040-4115-9D54-68ACC159BE43}.AppStore|x64.ActiveCfg = Release|Any CPU
		{7B0A938A-F040-4115-9D54-68ACC159BE43}.AppStore|x64.Build.0 = Release|Any CPU
		{7B0A938A-F040-4115-9D54-68ACC159BE43}.AppStore|x64.Deploy.0 = Release|Any CPU
		{7B0A938A-F040-4115-9D54-68ACC159BE43}.AppStore|x86.ActiveCfg = Release|x86
		{7B0A938A-F040-4115-9D54-68ACC159BE43}.AppStore|x86.Build.0 = Release|x86
		{7B0A938A-F040-4115-9D54-68ACC159BE43}.AppStore|x86.Deploy.0 = Release|x86
		{7B0A938A-F040-4115-9D54-68ACC159BE43}.Debug|Any CPU.ActiveCfg = Debug|Any CPU
		{7B0A938A-F040-4115-9D54-68ACC159BE43}.Debug|Any CPU.Build.0 = Debug|Any CPU
		{7B0A938A-F040-4115-9D54-68ACC159BE43}.Debug|Any CPU.Deploy.0 = Debug|Any CPU
		{7B0A938A-F040-4115-9D54-68ACC159BE43}.Debug|ARM.ActiveCfg = Debug|ARM
		{7B0A938A-F040-4115-9D54-68ACC159BE43}.Debug|ARM.Build.0 = Debug|ARM
		{7B0A938A-F040-4115-9D54-68ACC159BE43}.Debug|ARM.Deploy.0 = Debug|ARM
		{7B0A938A-F040-4115-9D54-68ACC159BE43}.Debug|iPhone.ActiveCfg = Debug|Any CPU
		{7B0A938A-F040-4115-9D54-68ACC159BE43}.Debug|iPhone.Build.0 = Debug|Any CPU
		{7B0A938A-F040-4115-9D54-68ACC159BE43}.Debug|iPhone.Deploy.0 = Debug|Any CPU
		{7B0A938A-F040-4115-9D54-68ACC159BE43}.Debug|iPhoneSimulator.ActiveCfg = Debug|Any CPU
		{7B0A938A-F040-4115-9D54-68ACC159BE43}.Debug|iPhoneSimulator.Build.0 = Debug|Any CPU
		{7B0A938A-F040-4115-9D54-68ACC159BE43}.Debug|iPhoneSimulator.Deploy.0 = Debug|Any CPU
		{7B0A938A-F040-4115-9D54-68ACC159BE43}.Debug|x64.ActiveCfg = Debug|Any CPU
		{7B0A938A-F040-4115-9D54-68ACC159BE43}.Debug|x64.Build.0 = Debug|Any CPU
		{7B0A938A-F040-4115-9D54-68ACC159BE43}.Debug|x64.Deploy.0 = Debug|Any CPU
		{7B0A938A-F040-4115-9D54-68ACC159BE43}.Debug|x86.ActiveCfg = Debug|x86
		{7B0A938A-F040-4115-9D54-68ACC159BE43}.Debug|x86.Build.0 = Debug|x86
		{7B0A938A-F040-4115-9D54-68ACC159BE43}.Debug|x86.Deploy.0 = Debug|x86
		{7B0A938A-F040-4115-9D54-68ACC159BE43}.Release|Any CPU.ActiveCfg = Release|Any CPU
		{7B0A938A-F040-4115-9D54-68ACC159BE43}.Release|Any CPU.Build.0 = Release|Any CPU
		{7B0A938A-F040-4115-9D54-68ACC159BE43}.Release|Any CPU.Deploy.0 = Release|Any CPU
		{7B0A938A-F040-4115-9D54-68ACC159BE43}.Release|ARM.ActiveCfg = Release|ARM
		{7B0A938A-F040-4115-9D54-68ACC159BE43}.Release|ARM.Build.0 = Release|ARM
		{7B0A938A-F040-4115-9D54-68ACC159BE43}.Release|ARM.Deploy.0 = Release|ARM
		{7B0A938A-F040-4115-9D54-68ACC159BE43}.Release|iPhone.ActiveCfg = Release|Any CPU
		{7B0A938A-F040-4115-9D54-68ACC159BE43}.Release|iPhone.Build.0 = Release|Any CPU
		{7B0A938A-F040-4115-9D54-68ACC159BE43}.Release|iPhone.Deploy.0 = Release|Any CPU
		{7B0A938A-F040-4115-9D54-68ACC159BE43}.Release|iPhoneSimulator.ActiveCfg = Release|Any CPU
		{7B0A938A-F040-4115-9D54-68ACC159BE43}.Release|iPhoneSimulator.Build.0 = Release|Any CPU
		{7B0A938A-F040-4115-9D54-68ACC159BE43}.Release|iPhoneSimulator.Deploy.0 = Release|Any CPU
		{7B0A938A-F040-4115-9D54-68ACC159BE43}.Release|x64.ActiveCfg = Release|Any CPU
		{7B0A938A-F040-4115-9D54-68ACC159BE43}.Release|x64.Build.0 = Release|Any CPU
		{7B0A938A-F040-4115-9D54-68ACC159BE43}.Release|x64.Deploy.0 = Release|Any CPU
		{7B0A938A-F040-4115-9D54-68ACC159BE43}.Release|x86.ActiveCfg = Release|x86
		{7B0A938A-F040-4115-9D54-68ACC159BE43}.Release|x86.Build.0 = Release|x86
		{7B0A938A-F040-4115-9D54-68ACC159BE43}.Release|x86.Deploy.0 = Release|x86
		{2ACBC16D-A7C9-4954-969D-E88D7769F108}.Ad-Hoc|Any CPU.ActiveCfg = Release|x86
		{2ACBC16D-A7C9-4954-969D-E88D7769F108}.Ad-Hoc|Any CPU.Build.0 = Release|x86
		{2ACBC16D-A7C9-4954-969D-E88D7769F108}.Ad-Hoc|Any CPU.Deploy.0 = Release|x86
		{2ACBC16D-A7C9-4954-969D-E88D7769F108}.Ad-Hoc|ARM.ActiveCfg = Release|ARM
		{2ACBC16D-A7C9-4954-969D-E88D7769F108}.Ad-Hoc|ARM.Build.0 = Release|ARM
		{2ACBC16D-A7C9-4954-969D-E88D7769F108}.Ad-Hoc|ARM.Deploy.0 = Release|ARM
		{2ACBC16D-A7C9-4954-969D-E88D7769F108}.Ad-Hoc|iPhone.ActiveCfg = Release|x86
		{2ACBC16D-A7C9-4954-969D-E88D7769F108}.Ad-Hoc|iPhone.Build.0 = Release|x86
		{2ACBC16D-A7C9-4954-969D-E88D7769F108}.Ad-Hoc|iPhone.Deploy.0 = Release|x86
		{2ACBC16D-A7C9-4954-969D-E88D7769F108}.Ad-Hoc|iPhoneSimulator.ActiveCfg = Release|x86
		{2ACBC16D-A7C9-4954-969D-E88D7769F108}.Ad-Hoc|iPhoneSimulator.Build.0 = Release|x86
		{2ACBC16D-A7C9-4954-969D-E88D7769F108}.Ad-Hoc|iPhoneSimulator.Deploy.0 = Release|x86
		{2ACBC16D-A7C9-4954-969D-E88D7769F108}.Ad-Hoc|x64.ActiveCfg = Release|x64
		{2ACBC16D-A7C9-4954-969D-E88D7769F108}.Ad-Hoc|x64.Build.0 = Release|x64
		{2ACBC16D-A7C9-4954-969D-E88D7769F108}.Ad-Hoc|x64.Deploy.0 = Release|x64
		{2ACBC16D-A7C9-4954-969D-E88D7769F108}.Ad-Hoc|x86.ActiveCfg = Release|x86
		{2ACBC16D-A7C9-4954-969D-E88D7769F108}.Ad-Hoc|x86.Build.0 = Release|x86
		{2ACBC16D-A7C9-4954-969D-E88D7769F108}.Ad-Hoc|x86.Deploy.0 = Release|x86
		{2ACBC16D-A7C9-4954-969D-E88D7769F108}.AppStore|Any CPU.ActiveCfg = Release|x86
		{2ACBC16D-A7C9-4954-969D-E88D7769F108}.AppStore|Any CPU.Build.0 = Release|x86
		{2ACBC16D-A7C9-4954-969D-E88D7769F108}.AppStore|Any CPU.Deploy.0 = Release|x86
		{2ACBC16D-A7C9-4954-969D-E88D7769F108}.AppStore|ARM.ActiveCfg = Release|ARM
		{2ACBC16D-A7C9-4954-969D-E88D7769F108}.AppStore|ARM.Build.0 = Release|ARM
		{2ACBC16D-A7C9-4954-969D-E88D7769F108}.AppStore|ARM.Deploy.0 = Release|ARM
		{2ACBC16D-A7C9-4954-969D-E88D7769F108}.AppStore|iPhone.ActiveCfg = Release|x86
		{2ACBC16D-A7C9-4954-969D-E88D7769F108}.AppStore|iPhone.Build.0 = Release|x86
		{2ACBC16D-A7C9-4954-969D-E88D7769F108}.AppStore|iPhone.Deploy.0 = Release|x86
		{2ACBC16D-A7C9-4954-969D-E88D7769F108}.AppStore|iPhoneSimulator.ActiveCfg = Release|x86
		{2ACBC16D-A7C9-4954-969D-E88D7769F108}.AppStore|iPhoneSimulator.Build.0 = Release|x86
		{2ACBC16D-A7C9-4954-969D-E88D7769F108}.AppStore|iPhoneSimulator.Deploy.0 = Release|x86
		{2ACBC16D-A7C9-4954-969D-E88D7769F108}.AppStore|x64.ActiveCfg = Release|x64
		{2ACBC16D-A7C9-4954-969D-E88D7769F108}.AppStore|x64.Build.0 = Release|x64
		{2ACBC16D-A7C9-4954-969D-E88D7769F108}.AppStore|x64.Deploy.0 = Release|x64
		{2ACBC16D-A7C9-4954-969D-E88D7769F108}.AppStore|x86.ActiveCfg = Release|x86
		{2ACBC16D-A7C9-4954-969D-E88D7769F108}.AppStore|x86.Build.0 = Release|x86
		{2ACBC16D-A7C9-4954-969D-E88D7769F108}.AppStore|x86.Deploy.0 = Release|x86
		{2ACBC16D-A7C9-4954-969D-E88D7769F108}.Debug|Any CPU.ActiveCfg = Debug|x86
		{2ACBC16D-A7C9-4954-969D-E88D7769F108}.Debug|ARM.ActiveCfg = Debug|ARM
		{2ACBC16D-A7C9-4954-969D-E88D7769F108}.Debug|ARM.Build.0 = Debug|ARM
		{2ACBC16D-A7C9-4954-969D-E88D7769F108}.Debug|ARM.Deploy.0 = Debug|ARM
		{2ACBC16D-A7C9-4954-969D-E88D7769F108}.Debug|iPhone.ActiveCfg = Debug|x86
		{2ACBC16D-A7C9-4954-969D-E88D7769F108}.Debug|iPhoneSimulator.ActiveCfg = Debug|x86
		{2ACBC16D-A7C9-4954-969D-E88D7769F108}.Debug|x64.ActiveCfg = Debug|x64
		{2ACBC16D-A7C9-4954-969D-E88D7769F108}.Debug|x64.Build.0 = Debug|x64
		{2ACBC16D-A7C9-4954-969D-E88D7769F108}.Debug|x64.Deploy.0 = Debug|x64
		{2ACBC16D-A7C9-4954-969D-E88D7769F108}.Debug|x86.ActiveCfg = Debug|x86
		{2ACBC16D-A7C9-4954-969D-E88D7769F108}.Debug|x86.Build.0 = Debug|x86
		{2ACBC16D-A7C9-4954-969D-E88D7769F108}.Debug|x86.Deploy.0 = Debug|x86
		{2ACBC16D-A7C9-4954-969D-E88D7769F108}.Release|Any CPU.ActiveCfg = Release|x86
		{2ACBC16D-A7C9-4954-969D-E88D7769F108}.Release|ARM.ActiveCfg = Release|ARM
		{2ACBC16D-A7C9-4954-969D-E88D7769F108}.Release|ARM.Build.0 = Release|ARM
		{2ACBC16D-A7C9-4954-969D-E88D7769F108}.Release|ARM.Deploy.0 = Release|ARM
		{2ACBC16D-A7C9-4954-969D-E88D7769F108}.Release|iPhone.ActiveCfg = Release|x86
		{2ACBC16D-A7C9-4954-969D-E88D7769F108}.Release|iPhoneSimulator.ActiveCfg = Release|x86
		{2ACBC16D-A7C9-4954-969D-E88D7769F108}.Release|x64.ActiveCfg = Release|x64
		{2ACBC16D-A7C9-4954-969D-E88D7769F108}.Release|x64.Build.0 = Release|x64
		{2ACBC16D-A7C9-4954-969D-E88D7769F108}.Release|x64.Deploy.0 = Release|x64
		{2ACBC16D-A7C9-4954-969D-E88D7769F108}.Release|x86.ActiveCfg = Release|x86
		{2ACBC16D-A7C9-4954-969D-E88D7769F108}.Release|x86.Build.0 = Release|x86
		{2ACBC16D-A7C9-4954-969D-E88D7769F108}.Release|x86.Deploy.0 = Release|x86
		{F7CDF446-5529-4008-BC25-B1A88C6DA0B3}.Ad-Hoc|Any CPU.ActiveCfg = Release|Any CPU
		{F7CDF446-5529-4008-BC25-B1A88C6DA0B3}.Ad-Hoc|Any CPU.Build.0 = Release|Any CPU
		{F7CDF446-5529-4008-BC25-B1A88C6DA0B3}.Ad-Hoc|Any CPU.Deploy.0 = Release|Any CPU
		{F7CDF446-5529-4008-BC25-B1A88C6DA0B3}.Ad-Hoc|ARM.ActiveCfg = Release|ARM
		{F7CDF446-5529-4008-BC25-B1A88C6DA0B3}.Ad-Hoc|ARM.Build.0 = Release|ARM
		{F7CDF446-5529-4008-BC25-B1A88C6DA0B3}.Ad-Hoc|ARM.Deploy.0 = Release|ARM
		{F7CDF446-5529-4008-BC25-B1A88C6DA0B3}.Ad-Hoc|iPhone.ActiveCfg = Release|Any CPU
		{F7CDF446-5529-4008-BC25-B1A88C6DA0B3}.Ad-Hoc|iPhone.Build.0 = Release|Any CPU
		{F7CDF446-5529-4008-BC25-B1A88C6DA0B3}.Ad-Hoc|iPhone.Deploy.0 = Release|Any CPU
		{F7CDF446-5529-4008-BC25-B1A88C6DA0B3}.Ad-Hoc|iPhoneSimulator.ActiveCfg = Release|Any CPU
		{F7CDF446-5529-4008-BC25-B1A88C6DA0B3}.Ad-Hoc|iPhoneSimulator.Build.0 = Release|Any CPU
		{F7CDF446-5529-4008-BC25-B1A88C6DA0B3}.Ad-Hoc|iPhoneSimulator.Deploy.0 = Release|Any CPU
		{F7CDF446-5529-4008-BC25-B1A88C6DA0B3}.Ad-Hoc|x64.ActiveCfg = Release|x64
		{F7CDF446-5529-4008-BC25-B1A88C6DA0B3}.Ad-Hoc|x64.Build.0 = Release|x64
		{F7CDF446-5529-4008-BC25-B1A88C6DA0B3}.Ad-Hoc|x64.Deploy.0 = Release|x64
		{F7CDF446-5529-4008-BC25-B1A88C6DA0B3}.Ad-Hoc|x86.ActiveCfg = Release|x86
		{F7CDF446-5529-4008-BC25-B1A88C6DA0B3}.Ad-Hoc|x86.Build.0 = Release|x86
		{F7CDF446-5529-4008-BC25-B1A88C6DA0B3}.Ad-Hoc|x86.Deploy.0 = Release|x86
		{F7CDF446-5529-4008-BC25-B1A88C6DA0B3}.AppStore|Any CPU.ActiveCfg = Release|Any CPU
		{F7CDF446-5529-4008-BC25-B1A88C6DA0B3}.AppStore|Any CPU.Build.0 = Release|Any CPU
		{F7CDF446-5529-4008-BC25-B1A88C6DA0B3}.AppStore|Any CPU.Deploy.0 = Release|Any CPU
		{F7CDF446-5529-4008-BC25-B1A88C6DA0B3}.AppStore|ARM.ActiveCfg = Release|ARM
		{F7CDF446-5529-4008-BC25-B1A88C6DA0B3}.AppStore|ARM.Build.0 = Release|ARM
		{F7CDF446-5529-4008-BC25-B1A88C6DA0B3}.AppStore|ARM.Deploy.0 = Release|ARM
		{F7CDF446-5529-4008-BC25-B1A88C6DA0B3}.AppStore|iPhone.ActiveCfg = Release|Any CPU
		{F7CDF446-5529-4008-BC25-B1A88C6DA0B3}.AppStore|iPhone.Build.0 = Release|Any CPU
		{F7CDF446-5529-4008-BC25-B1A88C6DA0B3}.AppStore|iPhone.Deploy.0 = Release|Any CPU
		{F7CDF446-5529-4008-BC25-B1A88C6DA0B3}.AppStore|iPhoneSimulator.ActiveCfg = Release|Any CPU
		{F7CDF446-5529-4008-BC25-B1A88C6DA0B3}.AppStore|iPhoneSimulator.Build.0 = Release|Any CPU
		{F7CDF446-5529-4008-BC25-B1A88C6DA0B3}.AppStore|iPhoneSimulator.Deploy.0 = Release|Any CPU
		{F7CDF446-5529-4008-BC25-B1A88C6DA0B3}.AppStore|x64.ActiveCfg = Release|x64
		{F7CDF446-5529-4008-BC25-B1A88C6DA0B3}.AppStore|x64.Build.0 = Release|x64
		{F7CDF446-5529-4008-BC25-B1A88C6DA0B3}.AppStore|x64.Deploy.0 = Release|x64
		{F7CDF446-5529-4008-BC25-B1A88C6DA0B3}.AppStore|x86.ActiveCfg = Release|x86
		{F7CDF446-5529-4008-BC25-B1A88C6DA0B3}.AppStore|x86.Build.0 = Release|x86
		{F7CDF446-5529-4008-BC25-B1A88C6DA0B3}.AppStore|x86.Deploy.0 = Release|x86
		{F7CDF446-5529-4008-BC25-B1A88C6DA0B3}.Debug|Any CPU.ActiveCfg = Debug|Any CPU
		{F7CDF446-5529-4008-BC25-B1A88C6DA0B3}.Debug|Any CPU.Build.0 = Debug|Any CPU
		{F7CDF446-5529-4008-BC25-B1A88C6DA0B3}.Debug|Any CPU.Deploy.0 = Debug|Any CPU
		{F7CDF446-5529-4008-BC25-B1A88C6DA0B3}.Debug|ARM.ActiveCfg = Debug|ARM
		{F7CDF446-5529-4008-BC25-B1A88C6DA0B3}.Debug|ARM.Build.0 = Debug|ARM
		{F7CDF446-5529-4008-BC25-B1A88C6DA0B3}.Debug|ARM.Deploy.0 = Debug|ARM
		{F7CDF446-5529-4008-BC25-B1A88C6DA0B3}.Debug|iPhone.ActiveCfg = Debug|Any CPU
		{F7CDF446-5529-4008-BC25-B1A88C6DA0B3}.Debug|iPhone.Build.0 = Debug|Any CPU
		{F7CDF446-5529-4008-BC25-B1A88C6DA0B3}.Debug|iPhone.Deploy.0 = Debug|Any CPU
		{F7CDF446-5529-4008-BC25-B1A88C6DA0B3}.Debug|iPhoneSimulator.ActiveCfg = Debug|Any CPU
		{F7CDF446-5529-4008-BC25-B1A88C6DA0B3}.Debug|iPhoneSimulator.Build.0 = Debug|Any CPU
		{F7CDF446-5529-4008-BC25-B1A88C6DA0B3}.Debug|iPhoneSimulator.Deploy.0 = Debug|Any CPU
		{F7CDF446-5529-4008-BC25-B1A88C6DA0B3}.Debug|x64.ActiveCfg = Debug|x64
		{F7CDF446-5529-4008-BC25-B1A88C6DA0B3}.Debug|x64.Build.0 = Debug|x64
		{F7CDF446-5529-4008-BC25-B1A88C6DA0B3}.Debug|x64.Deploy.0 = Debug|x64
		{F7CDF446-5529-4008-BC25-B1A88C6DA0B3}.Debug|x86.ActiveCfg = Debug|x86
		{F7CDF446-5529-4008-BC25-B1A88C6DA0B3}.Debug|x86.Build.0 = Debug|x86
		{F7CDF446-5529-4008-BC25-B1A88C6DA0B3}.Debug|x86.Deploy.0 = Debug|x86
		{F7CDF446-5529-4008-BC25-B1A88C6DA0B3}.Release|Any CPU.ActiveCfg = Release|Any CPU
		{F7CDF446-5529-4008-BC25-B1A88C6DA0B3}.Release|Any CPU.Build.0 = Release|Any CPU
		{F7CDF446-5529-4008-BC25-B1A88C6DA0B3}.Release|Any CPU.Deploy.0 = Release|Any CPU
		{F7CDF446-5529-4008-BC25-B1A88C6DA0B3}.Release|ARM.ActiveCfg = Release|ARM
		{F7CDF446-5529-4008-BC25-B1A88C6DA0B3}.Release|ARM.Build.0 = Release|ARM
		{F7CDF446-5529-4008-BC25-B1A88C6DA0B3}.Release|ARM.Deploy.0 = Release|ARM
		{F7CDF446-5529-4008-BC25-B1A88C6DA0B3}.Release|iPhone.ActiveCfg = Release|Any CPU
		{F7CDF446-5529-4008-BC25-B1A88C6DA0B3}.Release|iPhone.Build.0 = Release|Any CPU
		{F7CDF446-5529-4008-BC25-B1A88C6DA0B3}.Release|iPhone.Deploy.0 = Release|Any CPU
		{F7CDF446-5529-4008-BC25-B1A88C6DA0B3}.Release|iPhoneSimulator.ActiveCfg = Release|Any CPU
		{F7CDF446-5529-4008-BC25-B1A88C6DA0B3}.Release|iPhoneSimulator.Build.0 = Release|Any CPU
		{F7CDF446-5529-4008-BC25-B1A88C6DA0B3}.Release|iPhoneSimulator.Deploy.0 = Release|Any CPU
		{F7CDF446-5529-4008-BC25-B1A88C6DA0B3}.Release|x64.ActiveCfg = Release|x64
		{F7CDF446-5529-4008-BC25-B1A88C6DA0B3}.Release|x64.Build.0 = Release|x64
		{F7CDF446-5529-4008-BC25-B1A88C6DA0B3}.Release|x64.Deploy.0 = Release|x64
		{F7CDF446-5529-4008-BC25-B1A88C6DA0B3}.Release|x86.ActiveCfg = Release|x86
		{F7CDF446-5529-4008-BC25-B1A88C6DA0B3}.Release|x86.Build.0 = Release|x86
		{F7CDF446-5529-4008-BC25-B1A88C6DA0B3}.Release|x86.Deploy.0 = Release|x86
		{8728DCAB-AE10-46BC-BBCD-57D7B9F034CF}.Ad-Hoc|Any CPU.ActiveCfg = Release|Any CPU
		{8728DCAB-AE10-46BC-BBCD-57D7B9F034CF}.Ad-Hoc|Any CPU.Build.0 = Release|Any CPU
		{8728DCAB-AE10-46BC-BBCD-57D7B9F034CF}.Ad-Hoc|ARM.ActiveCfg = Release|Any CPU
		{8728DCAB-AE10-46BC-BBCD-57D7B9F034CF}.Ad-Hoc|ARM.Build.0 = Release|Any CPU
		{8728DCAB-AE10-46BC-BBCD-57D7B9F034CF}.Ad-Hoc|iPhone.ActiveCfg = Release|Any CPU
		{8728DCAB-AE10-46BC-BBCD-57D7B9F034CF}.Ad-Hoc|iPhone.Build.0 = Release|Any CPU
		{8728DCAB-AE10-46BC-BBCD-57D7B9F034CF}.Ad-Hoc|iPhoneSimulator.ActiveCfg = Release|Any CPU
		{8728DCAB-AE10-46BC-BBCD-57D7B9F034CF}.Ad-Hoc|iPhoneSimulator.Build.0 = Release|Any CPU
		{8728DCAB-AE10-46BC-BBCD-57D7B9F034CF}.Ad-Hoc|x64.ActiveCfg = Release|Any CPU
		{8728DCAB-AE10-46BC-BBCD-57D7B9F034CF}.Ad-Hoc|x64.Build.0 = Release|Any CPU
		{8728DCAB-AE10-46BC-BBCD-57D7B9F034CF}.Ad-Hoc|x86.ActiveCfg = Release|Any CPU
		{8728DCAB-AE10-46BC-BBCD-57D7B9F034CF}.Ad-Hoc|x86.Build.0 = Release|Any CPU
		{8728DCAB-AE10-46BC-BBCD-57D7B9F034CF}.AppStore|Any CPU.ActiveCfg = Release|Any CPU
		{8728DCAB-AE10-46BC-BBCD-57D7B9F034CF}.AppStore|Any CPU.Build.0 = Release|Any CPU
		{8728DCAB-AE10-46BC-BBCD-57D7B9F034CF}.AppStore|ARM.ActiveCfg = Release|Any CPU
		{8728DCAB-AE10-46BC-BBCD-57D7B9F034CF}.AppStore|ARM.Build.0 = Release|Any CPU
		{8728DCAB-AE10-46BC-BBCD-57D7B9F034CF}.AppStore|iPhone.ActiveCfg = Release|Any CPU
		{8728DCAB-AE10-46BC-BBCD-57D7B9F034CF}.AppStore|iPhone.Build.0 = Release|Any CPU
		{8728DCAB-AE10-46BC-BBCD-57D7B9F034CF}.AppStore|iPhoneSimulator.ActiveCfg = Release|Any CPU
		{8728DCAB-AE10-46BC-BBCD-57D7B9F034CF}.AppStore|iPhoneSimulator.Build.0 = Release|Any CPU
		{8728DCAB-AE10-46BC-BBCD-57D7B9F034CF}.AppStore|x64.ActiveCfg = Release|Any CPU
		{8728DCAB-AE10-46BC-BBCD-57D7B9F034CF}.AppStore|x64.Build.0 = Release|Any CPU
		{8728DCAB-AE10-46BC-BBCD-57D7B9F034CF}.AppStore|x86.ActiveCfg = Release|Any CPU
		{8728DCAB-AE10-46BC-BBCD-57D7B9F034CF}.AppStore|x86.Build.0 = Release|Any CPU
		{8728DCAB-AE10-46BC-BBCD-57D7B9F034CF}.Debug|Any CPU.ActiveCfg = Debug|Any CPU
		{8728DCAB-AE10-46BC-BBCD-57D7B9F034CF}.Debug|Any CPU.Build.0 = Debug|Any CPU
		{8728DCAB-AE10-46BC-BBCD-57D7B9F034CF}.Debug|ARM.ActiveCfg = Debug|Any CPU
		{8728DCAB-AE10-46BC-BBCD-57D7B9F034CF}.Debug|ARM.Build.0 = Debug|Any CPU
		{8728DCAB-AE10-46BC-BBCD-57D7B9F034CF}.Debug|iPhone.ActiveCfg = Debug|Any CPU
		{8728DCAB-AE10-46BC-BBCD-57D7B9F034CF}.Debug|iPhone.Build.0 = Debug|Any CPU
		{8728DCAB-AE10-46BC-BBCD-57D7B9F034CF}.Debug|iPhoneSimulator.ActiveCfg = Debug|Any CPU
		{8728DCAB-AE10-46BC-BBCD-57D7B9F034CF}.Debug|iPhoneSimulator.Build.0 = Debug|Any CPU
		{8728DCAB-AE10-46BC-BBCD-57D7B9F034CF}.Debug|x64.ActiveCfg = Debug|Any CPU
		{8728DCAB-AE10-46BC-BBCD-57D7B9F034CF}.Debug|x64.Build.0 = Debug|Any CPU
		{8728DCAB-AE10-46BC-BBCD-57D7B9F034CF}.Debug|x86.ActiveCfg = Debug|Any CPU
		{8728DCAB-AE10-46BC-BBCD-57D7B9F034CF}.Debug|x86.Build.0 = Debug|Any CPU
		{8728DCAB-AE10-46BC-BBCD-57D7B9F034CF}.Release|Any CPU.ActiveCfg = Release|Any CPU
		{8728DCAB-AE10-46BC-BBCD-57D7B9F034CF}.Release|Any CPU.Build.0 = Release|Any CPU
		{8728DCAB-AE10-46BC-BBCD-57D7B9F034CF}.Release|ARM.ActiveCfg = Release|Any CPU
		{8728DCAB-AE10-46BC-BBCD-57D7B9F034CF}.Release|ARM.Build.0 = Release|Any CPU
		{8728DCAB-AE10-46BC-BBCD-57D7B9F034CF}.Release|iPhone.ActiveCfg = Release|Any CPU
		{8728DCAB-AE10-46BC-BBCD-57D7B9F034CF}.Release|iPhone.Build.0 = Release|Any CPU
		{8728DCAB-AE10-46BC-BBCD-57D7B9F034CF}.Release|iPhoneSimulator.ActiveCfg = Release|Any CPU
		{8728DCAB-AE10-46BC-BBCD-57D7B9F034CF}.Release|iPhoneSimulator.Build.0 = Release|Any CPU
		{8728DCAB-AE10-46BC-BBCD-57D7B9F034CF}.Release|x64.ActiveCfg = Release|Any CPU
		{8728DCAB-AE10-46BC-BBCD-57D7B9F034CF}.Release|x64.Build.0 = Release|Any CPU
		{8728DCAB-AE10-46BC-BBCD-57D7B9F034CF}.Release|x86.ActiveCfg = Release|Any CPU
		{8728DCAB-AE10-46BC-BBCD-57D7B9F034CF}.Release|x86.Build.0 = Release|Any CPU
	EndGlobalSection
	GlobalSection(SolutionProperties) = preSolution
		HideSolutionNode = FALSE
	EndGlobalSection
EndGlobal
